
Microsoft Visual Studio Solution File, Format Version 12.00
Project("{2150E333-8FDC-42A3-9474-1A3956D46DE8}") = "src", "src", "{BC5C563C-435A-49A9-B003-ECAD0BA0E293}"
EndProject
Project("{2150E333-8FDC-42A3-9474-1A3956D46DE8}") = "tests", "tests", "{FC94C6EF-4555-4BE9-8110-EDDA9B0728FC}"
EndProject
Project("{2150E333-8FDC-42A3-9474-1A3956D46DE8}") = "WebAPI", "WebAPI", "{D71BDEBE-857C-4DBA-A6A4-5F8BF9497B03}"
EndProject
Project("{2150E333-8FDC-42A3-9474-1A3956D46DE8}") = "WebAPP", "WebAPP", "{D02CE603-B78F-4AAB-ACC3-D93E5056EA5F}"
EndProject
Project("{2150E333-8FDC-42A3-9474-1A3956D46DE8}") = "WebAPI", "WebAPI", "{85CD16FF-B90B-4917-8A05-C5407B39E156}"
EndProject
Project("{FAE04EC0-301F-11D3-BF4B-00C04F79EFBC}") = "PhoeNix.WebAPI", "src\PhoeNix.WebAPI\PhoeNix.WebAPI.csproj", "{E4E487DE-CEB2-4AC7-BC6C-E3281CAFF77D}"
EndProject
Project("{FAE04EC0-301F-11D3-BF4B-00C04F79EFBC}") = "PhoeNix.WebAPI.Tests", "tests\PhoeNix.WebAPI.Tests\PhoeNix.WebAPI.Tests.csproj", "{8CF558A1-8862-4DA9-810C-261633C8F2F5}"
EndProject
Project("{FAE04EC0-301F-11D3-BF4B-00C04F79EFBC}") = "PhoeNix.WebAPP.Tests", "tests\PhoeNix.WebAPP.Tests\PhoeNix.WebAPP.Tests.csproj", "{67FCABD5-6BD8-417B-A016-E81784541C68}"
EndProject
Project("{2150E333-8FDC-42A3-9474-1A3956D46DE8}") = "Core", "Core", "{C101AAC2-F2B9-4BF7-B482-1555EA87F592}"
EndProject
Project("{2150E333-8FDC-42A3-9474-1A3956D46DE8}") = "External", "External", "{5CF7496F-9E48-4A57-8F78-18F5C74CFDF7}"
EndProject
Project("{FAE04EC0-301F-11D3-BF4B-00C04F79EFBC}") = "PhoeNix.Application", "src\PhoeNix.Application\PhoeNix.Application.csproj", "{5FE349A1-C1AA-4457-AB83-C204BBDE60EC}"
EndProject
Project("{FAE04EC0-301F-11D3-BF4B-00C04F79EFBC}") = "PhoeNix.Domain", "src\PhoeNix.Domain\PhoeNix.Domain.csproj", "{8F6433BC-475A-4FEA-A616-21C1597CEB1F}"
EndProject
Project("{2150E333-8FDC-42A3-9474-1A3956D46DE8}") = "Core", "Core", "{AA608F2A-3F1A-42C4-801E-B97D1DBE656D}"
EndProject
Project("{FAE04EC0-301F-11D3-BF4B-00C04F79EFBC}") = "PhoeNix.Domain.UnitTests", "tests\PhoeNix.Domain.UnitTests\PhoeNix.Domain.UnitTests.csproj", "{FFE2E55C-53D9-479B-AC3A-F5B79706917D}"
EndProject
Project("{FAE04EC0-301F-11D3-BF4B-00C04F79EFBC}") = "PhoeNix.Application.UnitTests", "tests\PhoeNix.Application.UnitTests\PhoeNix.Application.UnitTests.csproj", "{51C52C70-E2F5-435F-8558-E329F19ED64E}"
EndProject
Project("{FAE04EC0-301F-11D3-BF4B-00C04F79EFBC}") = "PhoeNix.Persistence", "src\PhoeNix.Persistence\PhoeNix.Persistence.csproj", "{4F2C0846-1407-43AE-8B18-BA029783C938}"
EndProject
Project("{2150E333-8FDC-42A3-9474-1A3956D46DE8}") = "External", "External", "{CF8E883C-D5D2-443A-B268-06461821E4A4}"
EndProject
Project("{FAE04EC0-301F-11D3-BF4B-00C04F79EFBC}") = "PhoeNix.Persistence.Tests", "tests\PhoeNix.Persistence.Tests\PhoeNix.Persistence.Tests.csproj", "{4DAB6E61-EAE2-47EE-AF8E-9C71FB58CF9A}"
EndProject
Project("{FAE04EC0-301F-11D3-BF4B-00C04F79EFBC}") = "PhoeNix.Common.Tests", "tests\PhoeNix.Common.Tests\PhoeNix.Common.Tests.csproj", "{E4AFBC63-5971-454F-BE56-56236D0518C3}"
EndProject
Project("{FAE04EC0-301F-11D3-BF4B-00C04F79EFBC}") = "Phoenix.Presentation", "src\Phoenix.Presentation\Phoenix.Presentation.csproj", "{526B625F-6C8A-4CB8-AC37-CA3FD8A5DDCD}"
EndProject
Project("{FAE04EC0-301F-11D3-BF4B-00C04F79EFBC}") = "PhoeNix.Infrastructure", "src\PhoeNix.Infrastructure\PhoeNix.Infrastructure.csproj", "{E86A8693-B151-4397-9410-41F16A59674B}"
EndProject
Project("{2150E333-8FDC-42A3-9474-1A3956D46DE8}") = "WebAPP", "WebAPP", "{C974508A-A383-44DE-BF26-B246EC66E6EB}"
EndProject
Project("{FAE04EC0-301F-11D3-BF4B-00C04F79EFBC}") = "PhoeNix.WebAPP", "src\PhoeNix.WebAPP\PhoeNix.WebAPP.csproj", "{88A9BA90-E937-4D20-98C5-40277ED7D9C0}"
EndProject
Project("{FAE04EC0-301F-11D3-BF4B-00C04F79EFBC}") = "PhoeNix.Infrastructure.Tests", "tests\PhoeNix.Infrastructure.Tests\PhoeNix.Infrastructure.Tests.csproj", "{17438559-250A-4DC2-BF66-7902C3BCBEF3}"
EndProject
Project("{FAE04EC0-301F-11D3-BF4B-00C04F79EFBC}") = "PhoeNix.WebAPP.ApiClient", "src\PhoeNix.WebAPP.ApiClient\PhoeNix.WebAPP.ApiClient.csproj", "{B2606264-EB46-46A2-8A5D-6A6B11DE0A6E}"
EndProject
Project("{FAE04EC0-301F-11D3-BF4B-00C04F79EFBC}") = "PhoeNix.Common", "src\PhoeNix.Common\PhoeNix.Common.csproj", "{E3ECB92F-59F8-4956-A482-777CBA464966}"
EndProject
Global
	GlobalSection(SolutionConfigurationPlatforms) = preSolution
		Debug|Any CPU = Debug|Any CPU
		Debug|x64 = Debug|x64
		Debug|x86 = Debug|x86
		Release|Any CPU = Release|Any CPU
		Release|x64 = Release|x64
		Release|x86 = Release|x86
	EndGlobalSection
	GlobalSection(ProjectConfigurationPlatforms) = postSolution
		{E4E487DE-CEB2-4AC7-BC6C-E3281CAFF77D}.Debug|Any CPU.ActiveCfg = Debug|Any CPU
		{E4E487DE-CEB2-4AC7-BC6C-E3281CAFF77D}.Debug|Any CPU.Build.0 = Debug|Any CPU
		{E4E487DE-CEB2-4AC7-BC6C-E3281CAFF77D}.Debug|x64.ActiveCfg = Debug|Any CPU
		{E4E487DE-CEB2-4AC7-BC6C-E3281CAFF77D}.Debug|x64.Build.0 = Debug|Any CPU
		{E4E487DE-CEB2-4AC7-BC6C-E3281CAFF77D}.Debug|x86.ActiveCfg = Debug|Any CPU
		{E4E487DE-CEB2-4AC7-BC6C-E3281CAFF77D}.Debug|x86.Build.0 = Debug|Any CPU
		{E4E487DE-CEB2-4AC7-BC6C-E3281CAFF77D}.Release|Any CPU.ActiveCfg = Release|Any CPU
		{E4E487DE-CEB2-4AC7-BC6C-E3281CAFF77D}.Release|Any CPU.Build.0 = Release|Any CPU
		{E4E487DE-CEB2-4AC7-BC6C-E3281CAFF77D}.Release|x64.ActiveCfg = Release|Any CPU
		{E4E487DE-CEB2-4AC7-BC6C-E3281CAFF77D}.Release|x64.Build.0 = Release|Any CPU
		{E4E487DE-CEB2-4AC7-BC6C-E3281CAFF77D}.Release|x86.ActiveCfg = Release|Any CPU
		{E4E487DE-CEB2-4AC7-BC6C-E3281CAFF77D}.Release|x86.Build.0 = Release|Any CPU
		{8CF558A1-8862-4DA9-810C-261633C8F2F5}.Debug|Any CPU.ActiveCfg = Debug|Any CPU
		{8CF558A1-8862-4DA9-810C-261633C8F2F5}.Debug|Any CPU.Build.0 = Debug|Any CPU
		{8CF558A1-8862-4DA9-810C-261633C8F2F5}.Debug|x64.ActiveCfg = Debug|Any CPU
		{8CF558A1-8862-4DA9-810C-261633C8F2F5}.Debug|x64.Build.0 = Debug|Any CPU
		{8CF558A1-8862-4DA9-810C-261633C8F2F5}.Debug|x86.ActiveCfg = Debug|Any CPU
		{8CF558A1-8862-4DA9-810C-261633C8F2F5}.Debug|x86.Build.0 = Debug|Any CPU
		{8CF558A1-8862-4DA9-810C-261633C8F2F5}.Release|Any CPU.ActiveCfg = Release|Any CPU
		{8CF558A1-8862-4DA9-810C-261633C8F2F5}.Release|Any CPU.Build.0 = Release|Any CPU
		{8CF558A1-8862-4DA9-810C-261633C8F2F5}.Release|x64.ActiveCfg = Release|Any CPU
		{8CF558A1-8862-4DA9-810C-261633C8F2F5}.Release|x64.Build.0 = Release|Any CPU
		{8CF558A1-8862-4DA9-810C-261633C8F2F5}.Release|x86.ActiveCfg = Release|Any CPU
		{8CF558A1-8862-4DA9-810C-261633C8F2F5}.Release|x86.Build.0 = Release|Any CPU
		{67FCABD5-6BD8-417B-A016-E81784541C68}.Debug|Any CPU.ActiveCfg = Debug|Any CPU
		{67FCABD5-6BD8-417B-A016-E81784541C68}.Debug|Any CPU.Build.0 = Debug|Any CPU
		{67FCABD5-6BD8-417B-A016-E81784541C68}.Debug|x64.ActiveCfg = Debug|Any CPU
		{67FCABD5-6BD8-417B-A016-E81784541C68}.Debug|x64.Build.0 = Debug|Any CPU
		{67FCABD5-6BD8-417B-A016-E81784541C68}.Debug|x86.ActiveCfg = Debug|Any CPU
		{67FCABD5-6BD8-417B-A016-E81784541C68}.Debug|x86.Build.0 = Debug|Any CPU
		{67FCABD5-6BD8-417B-A016-E81784541C68}.Release|Any CPU.ActiveCfg = Release|Any CPU
		{67FCABD5-6BD8-417B-A016-E81784541C68}.Release|Any CPU.Build.0 = Release|Any CPU
		{67FCABD5-6BD8-417B-A016-E81784541C68}.Release|x64.ActiveCfg = Release|Any CPU
		{67FCABD5-6BD8-417B-A016-E81784541C68}.Release|x64.Build.0 = Release|Any CPU
		{67FCABD5-6BD8-417B-A016-E81784541C68}.Release|x86.ActiveCfg = Release|Any CPU
		{67FCABD5-6BD8-417B-A016-E81784541C68}.Release|x86.Build.0 = Release|Any CPU
		{5FE349A1-C1AA-4457-AB83-C204BBDE60EC}.Debug|Any CPU.ActiveCfg = Debug|Any CPU
		{5FE349A1-C1AA-4457-AB83-C204BBDE60EC}.Debug|Any CPU.Build.0 = Debug|Any CPU
		{5FE349A1-C1AA-4457-AB83-C204BBDE60EC}.Debug|x64.ActiveCfg = Debug|Any CPU
		{5FE349A1-C1AA-4457-AB83-C204BBDE60EC}.Debug|x64.Build.0 = Debug|Any CPU
		{5FE349A1-C1AA-4457-AB83-C204BBDE60EC}.Debug|x86.ActiveCfg = Debug|Any CPU
		{5FE349A1-C1AA-4457-AB83-C204BBDE60EC}.Debug|x86.Build.0 = Debug|Any CPU
		{5FE349A1-C1AA-4457-AB83-C204BBDE60EC}.Release|Any CPU.ActiveCfg = Release|Any CPU
		{5FE349A1-C1AA-4457-AB83-C204BBDE60EC}.Release|Any CPU.Build.0 = Release|Any CPU
		{5FE349A1-C1AA-4457-AB83-C204BBDE60EC}.Release|x64.ActiveCfg = Release|Any CPU
		{5FE349A1-C1AA-4457-AB83-C204BBDE60EC}.Release|x64.Build.0 = Release|Any CPU
		{5FE349A1-C1AA-4457-AB83-C204BBDE60EC}.Release|x86.ActiveCfg = Release|Any CPU
		{5FE349A1-C1AA-4457-AB83-C204BBDE60EC}.Release|x86.Build.0 = Release|Any CPU
		{8F6433BC-475A-4FEA-A616-21C1597CEB1F}.Debug|Any CPU.ActiveCfg = Debug|Any CPU
		{8F6433BC-475A-4FEA-A616-21C1597CEB1F}.Debug|Any CPU.Build.0 = Debug|Any CPU
		{8F6433BC-475A-4FEA-A616-21C1597CEB1F}.Debug|x64.ActiveCfg = Debug|Any CPU
		{8F6433BC-475A-4FEA-A616-21C1597CEB1F}.Debug|x64.Build.0 = Debug|Any CPU
		{8F6433BC-475A-4FEA-A616-21C1597CEB1F}.Debug|x86.ActiveCfg = Debug|Any CPU
		{8F6433BC-475A-4FEA-A616-21C1597CEB1F}.Debug|x86.Build.0 = Debug|Any CPU
		{8F6433BC-475A-4FEA-A616-21C1597CEB1F}.Release|Any CPU.ActiveCfg = Release|Any CPU
		{8F6433BC-475A-4FEA-A616-21C1597CEB1F}.Release|Any CPU.Build.0 = Release|Any CPU
		{8F6433BC-475A-4FEA-A616-21C1597CEB1F}.Release|x64.ActiveCfg = Release|Any CPU
		{8F6433BC-475A-4FEA-A616-21C1597CEB1F}.Release|x64.Build.0 = Release|Any CPU
		{8F6433BC-475A-4FEA-A616-21C1597CEB1F}.Release|x86.ActiveCfg = Release|Any CPU
		{8F6433BC-475A-4FEA-A616-21C1597CEB1F}.Release|x86.Build.0 = Release|Any CPU
		{FFE2E55C-53D9-479B-AC3A-F5B79706917D}.Debug|Any CPU.ActiveCfg = Debug|Any CPU
		{FFE2E55C-53D9-479B-AC3A-F5B79706917D}.Debug|Any CPU.Build.0 = Debug|Any CPU
		{FFE2E55C-53D9-479B-AC3A-F5B79706917D}.Debug|x64.ActiveCfg = Debug|Any CPU
		{FFE2E55C-53D9-479B-AC3A-F5B79706917D}.Debug|x64.Build.0 = Debug|Any CPU
		{FFE2E55C-53D9-479B-AC3A-F5B79706917D}.Debug|x86.ActiveCfg = Debug|Any CPU
		{FFE2E55C-53D9-479B-AC3A-F5B79706917D}.Debug|x86.Build.0 = Debug|Any CPU
		{FFE2E55C-53D9-479B-AC3A-F5B79706917D}.Release|Any CPU.ActiveCfg = Release|Any CPU
		{FFE2E55C-53D9-479B-AC3A-F5B79706917D}.Release|Any CPU.Build.0 = Release|Any CPU
		{FFE2E55C-53D9-479B-AC3A-F5B79706917D}.Release|x64.ActiveCfg = Release|Any CPU
		{FFE2E55C-53D9-479B-AC3A-F5B79706917D}.Release|x64.Build.0 = Release|Any CPU
		{FFE2E55C-53D9-479B-AC3A-F5B79706917D}.Release|x86.ActiveCfg = Release|Any CPU
		{FFE2E55C-53D9-479B-AC3A-F5B79706917D}.Release|x86.Build.0 = Release|Any CPU
		{51C52C70-E2F5-435F-8558-E329F19ED64E}.Debug|Any CPU.ActiveCfg = Debug|Any CPU
		{51C52C70-E2F5-435F-8558-E329F19ED64E}.Debug|Any CPU.Build.0 = Debug|Any CPU
		{51C52C70-E2F5-435F-8558-E329F19ED64E}.Debug|x64.ActiveCfg = Debug|Any CPU
		{51C52C70-E2F5-435F-8558-E329F19ED64E}.Debug|x64.Build.0 = Debug|Any CPU
		{51C52C70-E2F5-435F-8558-E329F19ED64E}.Debug|x86.ActiveCfg = Debug|Any CPU
		{51C52C70-E2F5-435F-8558-E329F19ED64E}.Debug|x86.Build.0 = Debug|Any CPU
		{51C52C70-E2F5-435F-8558-E329F19ED64E}.Release|Any CPU.ActiveCfg = Release|Any CPU
		{51C52C70-E2F5-435F-8558-E329F19ED64E}.Release|Any CPU.Build.0 = Release|Any CPU
		{51C52C70-E2F5-435F-8558-E329F19ED64E}.Release|x64.ActiveCfg = Release|Any CPU
		{51C52C70-E2F5-435F-8558-E329F19ED64E}.Release|x64.Build.0 = Release|Any CPU
		{51C52C70-E2F5-435F-8558-E329F19ED64E}.Release|x86.ActiveCfg = Release|Any CPU
		{51C52C70-E2F5-435F-8558-E329F19ED64E}.Release|x86.Build.0 = Release|Any CPU
		{4F2C0846-1407-43AE-8B18-BA029783C938}.Debug|Any CPU.ActiveCfg = Debug|Any CPU
		{4F2C0846-1407-43AE-8B18-BA029783C938}.Debug|Any CPU.Build.0 = Debug|Any CPU
		{4F2C0846-1407-43AE-8B18-BA029783C938}.Debug|x64.ActiveCfg = Debug|Any CPU
		{4F2C0846-1407-43AE-8B18-BA029783C938}.Debug|x64.Build.0 = Debug|Any CPU
		{4F2C0846-1407-43AE-8B18-BA029783C938}.Debug|x86.ActiveCfg = Debug|Any CPU
		{4F2C0846-1407-43AE-8B18-BA029783C938}.Debug|x86.Build.0 = Debug|Any CPU
		{4F2C0846-1407-43AE-8B18-BA029783C938}.Release|Any CPU.ActiveCfg = Release|Any CPU
		{4F2C0846-1407-43AE-8B18-BA029783C938}.Release|Any CPU.Build.0 = Release|Any CPU
		{4F2C0846-1407-43AE-8B18-BA029783C938}.Release|x64.ActiveCfg = Release|Any CPU
		{4F2C0846-1407-43AE-8B18-BA029783C938}.Release|x64.Build.0 = Release|Any CPU
		{4F2C0846-1407-43AE-8B18-BA029783C938}.Release|x86.ActiveCfg = Release|Any CPU
		{4F2C0846-1407-43AE-8B18-BA029783C938}.Release|x86.Build.0 = Release|Any CPU
		{4DAB6E61-EAE2-47EE-AF8E-9C71FB58CF9A}.Debug|Any CPU.ActiveCfg = Debug|Any CPU
		{4DAB6E61-EAE2-47EE-AF8E-9C71FB58CF9A}.Debug|Any CPU.Build.0 = Debug|Any CPU
		{4DAB6E61-EAE2-47EE-AF8E-9C71FB58CF9A}.Debug|x64.ActiveCfg = Debug|Any CPU
		{4DAB6E61-EAE2-47EE-AF8E-9C71FB58CF9A}.Debug|x64.Build.0 = Debug|Any CPU
		{4DAB6E61-EAE2-47EE-AF8E-9C71FB58CF9A}.Debug|x86.ActiveCfg = Debug|Any CPU
		{4DAB6E61-EAE2-47EE-AF8E-9C71FB58CF9A}.Debug|x86.Build.0 = Debug|Any CPU
		{4DAB6E61-EAE2-47EE-AF8E-9C71FB58CF9A}.Release|Any CPU.ActiveCfg = Release|Any CPU
		{4DAB6E61-EAE2-47EE-AF8E-9C71FB58CF9A}.Release|Any CPU.Build.0 = Release|Any CPU
		{4DAB6E61-EAE2-47EE-AF8E-9C71FB58CF9A}.Release|x64.ActiveCfg = Release|Any CPU
		{4DAB6E61-EAE2-47EE-AF8E-9C71FB58CF9A}.Release|x64.Build.0 = Release|Any CPU
		{4DAB6E61-EAE2-47EE-AF8E-9C71FB58CF9A}.Release|x86.ActiveCfg = Release|Any CPU
		{4DAB6E61-EAE2-47EE-AF8E-9C71FB58CF9A}.Release|x86.Build.0 = Release|Any CPU
		{E4AFBC63-5971-454F-BE56-56236D0518C3}.Debug|Any CPU.ActiveCfg = Debug|Any CPU
		{E4AFBC63-5971-454F-BE56-56236D0518C3}.Debug|Any CPU.Build.0 = Debug|Any CPU
		{E4AFBC63-5971-454F-BE56-56236D0518C3}.Debug|x64.ActiveCfg = Debug|Any CPU
		{E4AFBC63-5971-454F-BE56-56236D0518C3}.Debug|x64.Build.0 = Debug|Any CPU
		{E4AFBC63-5971-454F-BE56-56236D0518C3}.Debug|x86.ActiveCfg = Debug|Any CPU
		{E4AFBC63-5971-454F-BE56-56236D0518C3}.Debug|x86.Build.0 = Debug|Any CPU
		{E4AFBC63-5971-454F-BE56-56236D0518C3}.Release|Any CPU.ActiveCfg = Release|Any CPU
		{E4AFBC63-5971-454F-BE56-56236D0518C3}.Release|Any CPU.Build.0 = Release|Any CPU
		{E4AFBC63-5971-454F-BE56-56236D0518C3}.Release|x64.ActiveCfg = Release|Any CPU
		{E4AFBC63-5971-454F-BE56-56236D0518C3}.Release|x64.Build.0 = Release|Any CPU
		{E4AFBC63-5971-454F-BE56-56236D0518C3}.Release|x86.ActiveCfg = Release|Any CPU
		{E4AFBC63-5971-454F-BE56-56236D0518C3}.Release|x86.Build.0 = Release|Any CPU
		{526B625F-6C8A-4CB8-AC37-CA3FD8A5DDCD}.Debug|Any CPU.ActiveCfg = Debug|Any CPU
		{526B625F-6C8A-4CB8-AC37-CA3FD8A5DDCD}.Debug|Any CPU.Build.0 = Debug|Any CPU
		{526B625F-6C8A-4CB8-AC37-CA3FD8A5DDCD}.Debug|x64.ActiveCfg = Debug|Any CPU
		{526B625F-6C8A-4CB8-AC37-CA3FD8A5DDCD}.Debug|x64.Build.0 = Debug|Any CPU
		{526B625F-6C8A-4CB8-AC37-CA3FD8A5DDCD}.Debug|x86.ActiveCfg = Debug|Any CPU
		{526B625F-6C8A-4CB8-AC37-CA3FD8A5DDCD}.Debug|x86.Build.0 = Debug|Any CPU
		{526B625F-6C8A-4CB8-AC37-CA3FD8A5DDCD}.Release|Any CPU.ActiveCfg = Release|Any CPU
		{526B625F-6C8A-4CB8-AC37-CA3FD8A5DDCD}.Release|Any CPU.Build.0 = Release|Any CPU
		{526B625F-6C8A-4CB8-AC37-CA3FD8A5DDCD}.Release|x64.ActiveCfg = Release|Any CPU
		{526B625F-6C8A-4CB8-AC37-CA3FD8A5DDCD}.Release|x64.Build.0 = Release|Any CPU
		{526B625F-6C8A-4CB8-AC37-CA3FD8A5DDCD}.Release|x86.ActiveCfg = Release|Any CPU
		{526B625F-6C8A-4CB8-AC37-CA3FD8A5DDCD}.Release|x86.Build.0 = Release|Any CPU
		{E86A8693-B151-4397-9410-41F16A59674B}.Debug|Any CPU.ActiveCfg = Debug|Any CPU
		{E86A8693-B151-4397-9410-41F16A59674B}.Debug|Any CPU.Build.0 = Debug|Any CPU
		{E86A8693-B151-4397-9410-41F16A59674B}.Debug|x64.ActiveCfg = Debug|Any CPU
		{E86A8693-B151-4397-9410-41F16A59674B}.Debug|x64.Build.0 = Debug|Any CPU
		{E86A8693-B151-4397-9410-41F16A59674B}.Debug|x86.ActiveCfg = Debug|Any CPU
		{E86A8693-B151-4397-9410-41F16A59674B}.Debug|x86.Build.0 = Debug|Any CPU
		{E86A8693-B151-4397-9410-41F16A59674B}.Release|Any CPU.ActiveCfg = Release|Any CPU
		{E86A8693-B151-4397-9410-41F16A59674B}.Release|Any CPU.Build.0 = Release|Any CPU
		{E86A8693-B151-4397-9410-41F16A59674B}.Release|x64.ActiveCfg = Release|Any CPU
		{E86A8693-B151-4397-9410-41F16A59674B}.Release|x64.Build.0 = Release|Any CPU
		{E86A8693-B151-4397-9410-41F16A59674B}.Release|x86.ActiveCfg = Release|Any CPU
		{E86A8693-B151-4397-9410-41F16A59674B}.Release|x86.Build.0 = Release|Any CPU
		{88A9BA90-E937-4D20-98C5-40277ED7D9C0}.Debug|Any CPU.ActiveCfg = Debug|Any CPU
		{88A9BA90-E937-4D20-98C5-40277ED7D9C0}.Debug|Any CPU.Build.0 = Debug|Any CPU
		{88A9BA90-E937-4D20-98C5-40277ED7D9C0}.Debug|x64.ActiveCfg = Debug|Any CPU
		{88A9BA90-E937-4D20-98C5-40277ED7D9C0}.Debug|x64.Build.0 = Debug|Any CPU
		{88A9BA90-E937-4D20-98C5-40277ED7D9C0}.Debug|x86.ActiveCfg = Debug|Any CPU
		{88A9BA90-E937-4D20-98C5-40277ED7D9C0}.Debug|x86.Build.0 = Debug|Any CPU
		{88A9BA90-E937-4D20-98C5-40277ED7D9C0}.Release|Any CPU.ActiveCfg = Release|Any CPU
		{88A9BA90-E937-4D20-98C5-40277ED7D9C0}.Release|Any CPU.Build.0 = Release|Any CPU
		{88A9BA90-E937-4D20-98C5-40277ED7D9C0}.Release|x64.ActiveCfg = Release|Any CPU
		{88A9BA90-E937-4D20-98C5-40277ED7D9C0}.Release|x64.Build.0 = Release|Any CPU
		{88A9BA90-E937-4D20-98C5-40277ED7D9C0}.Release|x86.ActiveCfg = Release|Any CPU
		{88A9BA90-E937-4D20-98C5-40277ED7D9C0}.Release|x86.Build.0 = Release|Any CPU
		{17438559-250A-4DC2-BF66-7902C3BCBEF3}.Debug|Any CPU.ActiveCfg = Debug|Any CPU
		{17438559-250A-4DC2-BF66-7902C3BCBEF3}.Debug|Any CPU.Build.0 = Debug|Any CPU
		{17438559-250A-4DC2-BF66-7902C3BCBEF3}.Debug|x64.ActiveCfg = Debug|Any CPU
		{17438559-250A-4DC2-BF66-7902C3BCBEF3}.Debug|x64.Build.0 = Debug|Any CPU
		{17438559-250A-4DC2-BF66-7902C3BCBEF3}.Debug|x86.ActiveCfg = Debug|Any CPU
		{17438559-250A-4DC2-BF66-7902C3BCBEF3}.Debug|x86.Build.0 = Debug|Any CPU
		{17438559-250A-4DC2-BF66-7902C3BCBEF3}.Release|Any CPU.ActiveCfg = Release|Any CPU
		{17438559-250A-4DC2-BF66-7902C3BCBEF3}.Release|Any CPU.Build.0 = Release|Any CPU
		{17438559-250A-4DC2-BF66-7902C3BCBEF3}.Release|x64.ActiveCfg = Release|Any CPU
		{17438559-250A-4DC2-BF66-7902C3BCBEF3}.Release|x64.Build.0 = Release|Any CPU
		{17438559-250A-4DC2-BF66-7902C3BCBEF3}.Release|x86.ActiveCfg = Release|Any CPU
		{17438559-250A-4DC2-BF66-7902C3BCBEF3}.Release|x86.Build.0 = Release|Any CPU
		{B2606264-EB46-46A2-8A5D-6A6B11DE0A6E}.Debug|Any CPU.ActiveCfg = Debug|Any CPU
		{B2606264-EB46-46A2-8A5D-6A6B11DE0A6E}.Debug|Any CPU.Build.0 = Debug|Any CPU
		{B2606264-EB46-46A2-8A5D-6A6B11DE0A6E}.Debug|x64.ActiveCfg = Debug|Any CPU
		{B2606264-EB46-46A2-8A5D-6A6B11DE0A6E}.Debug|x64.Build.0 = Debug|Any CPU
		{B2606264-EB46-46A2-8A5D-6A6B11DE0A6E}.Debug|x86.ActiveCfg = Debug|Any CPU
		{B2606264-EB46-46A2-8A5D-6A6B11DE0A6E}.Debug|x86.Build.0 = Debug|Any CPU
		{B2606264-EB46-46A2-8A5D-6A6B11DE0A6E}.Release|Any CPU.ActiveCfg = Release|Any CPU
		{B2606264-EB46-46A2-8A5D-6A6B11DE0A6E}.Release|Any CPU.Build.0 = Release|Any CPU
		{B2606264-EB46-46A2-8A5D-6A6B11DE0A6E}.Release|x64.ActiveCfg = Release|Any CPU
		{B2606264-EB46-46A2-8A5D-6A6B11DE0A6E}.Release|x64.Build.0 = Release|Any CPU
		{B2606264-EB46-46A2-8A5D-6A6B11DE0A6E}.Release|x86.ActiveCfg = Release|Any CPU
		{B2606264-EB46-46A2-8A5D-6A6B11DE0A6E}.Release|x86.Build.0 = Release|Any CPU
		{E3ECB92F-59F8-4956-A482-777CBA464966}.Debug|Any CPU.ActiveCfg = Debug|Any CPU
		{E3ECB92F-59F8-4956-A482-777CBA464966}.Debug|Any CPU.Build.0 = Debug|Any CPU
		{E3ECB92F-59F8-4956-A482-777CBA464966}.Debug|x64.ActiveCfg = Debug|Any CPU
		{E3ECB92F-59F8-4956-A482-777CBA464966}.Debug|x64.Build.0 = Debug|Any CPU
		{E3ECB92F-59F8-4956-A482-777CBA464966}.Debug|x86.ActiveCfg = Debug|Any CPU
		{E3ECB92F-59F8-4956-A482-777CBA464966}.Debug|x86.Build.0 = Debug|Any CPU
		{E3ECB92F-59F8-4956-A482-777CBA464966}.Release|Any CPU.ActiveCfg = Release|Any CPU
		{E3ECB92F-59F8-4956-A482-777CBA464966}.Release|Any CPU.Build.0 = Release|Any CPU
		{E3ECB92F-59F8-4956-A482-777CBA464966}.Release|x64.ActiveCfg = Release|Any CPU
		{E3ECB92F-59F8-4956-A482-777CBA464966}.Release|x64.Build.0 = Release|Any CPU
		{E3ECB92F-59F8-4956-A482-777CBA464966}.Release|x86.ActiveCfg = Release|Any CPU
		{E3ECB92F-59F8-4956-A482-777CBA464966}.Release|x86.Build.0 = Release|Any CPU
	EndGlobalSection
	GlobalSection(SolutionProperties) = preSolution
		HideSolutionNode = FALSE
	EndGlobalSection
	GlobalSection(NestedProjects) = preSolution
		{D71BDEBE-857C-4DBA-A6A4-5F8BF9497B03} = {BC5C563C-435A-49A9-B003-ECAD0BA0E293}
		{D02CE603-B78F-4AAB-ACC3-D93E5056EA5F} = {FC94C6EF-4555-4BE9-8110-EDDA9B0728FC}
		{85CD16FF-B90B-4917-8A05-C5407B39E156} = {FC94C6EF-4555-4BE9-8110-EDDA9B0728FC}
		{E4E487DE-CEB2-4AC7-BC6C-E3281CAFF77D} = {D71BDEBE-857C-4DBA-A6A4-5F8BF9497B03}
		{8CF558A1-8862-4DA9-810C-261633C8F2F5} = {85CD16FF-B90B-4917-8A05-C5407B39E156}
		{67FCABD5-6BD8-417B-A016-E81784541C68} = {D02CE603-B78F-4AAB-ACC3-D93E5056EA5F}
		{C101AAC2-F2B9-4BF7-B482-1555EA87F592} = {BC5C563C-435A-49A9-B003-ECAD0BA0E293}
		{5CF7496F-9E48-4A57-8F78-18F5C74CFDF7} = {BC5C563C-435A-49A9-B003-ECAD0BA0E293}
		{5FE349A1-C1AA-4457-AB83-C204BBDE60EC} = {C101AAC2-F2B9-4BF7-B482-1555EA87F592}
		{8F6433BC-475A-4FEA-A616-21C1597CEB1F} = {C101AAC2-F2B9-4BF7-B482-1555EA87F592}
		{AA608F2A-3F1A-42C4-801E-B97D1DBE656D} = {FC94C6EF-4555-4BE9-8110-EDDA9B0728FC}
		{FFE2E55C-53D9-479B-AC3A-F5B79706917D} = {AA608F2A-3F1A-42C4-801E-B97D1DBE656D}
		{51C52C70-E2F5-435F-8558-E329F19ED64E} = {AA608F2A-3F1A-42C4-801E-B97D1DBE656D}
		{4F2C0846-1407-43AE-8B18-BA029783C938} = {5CF7496F-9E48-4A57-8F78-18F5C74CFDF7}
		{CF8E883C-D5D2-443A-B268-06461821E4A4} = {FC94C6EF-4555-4BE9-8110-EDDA9B0728FC}
		{4DAB6E61-EAE2-47EE-AF8E-9C71FB58CF9A} = {CF8E883C-D5D2-443A-B268-06461821E4A4}
		{E4AFBC63-5971-454F-BE56-56236D0518C3} = {FC94C6EF-4555-4BE9-8110-EDDA9B0728FC}
		{526B625F-6C8A-4CB8-AC37-CA3FD8A5DDCD} = {5CF7496F-9E48-4A57-8F78-18F5C74CFDF7}
		{E86A8693-B151-4397-9410-41F16A59674B} = {5CF7496F-9E48-4A57-8F78-18F5C74CFDF7}
		{C974508A-A383-44DE-BF26-B246EC66E6EB} = {BC5C563C-435A-49A9-B003-ECAD0BA0E293}
		{88A9BA90-E937-4D20-98C5-40277ED7D9C0} = {C974508A-A383-44DE-BF26-B246EC66E6EB}
		{17438559-250A-4DC2-BF66-7902C3BCBEF3} = {CF8E883C-D5D2-443A-B268-06461821E4A4}
		{B2606264-EB46-46A2-8A5D-6A6B11DE0A6E} = {C974508A-A383-44DE-BF26-B246EC66E6EB}
		{E3ECB92F-59F8-4956-A482-777CBA464966} = {C101AAC2-F2B9-4BF7-B482-1555EA87F592}
	EndGlobalSection
EndGlobal
