
Microsoft Visual Studio Solution File, Format Version 12.00
Project("{2150E333-8FDC-42A3-9474-1A3956D46DE8}") = "src", "src", "{BC5C563C-435A-49A9-B003-ECAD0BA0E293}"
EndProject
Project("{2150E333-8FDC-42A3-9474-1A3956D46DE8}") = "tests", "tests", "{FC94C6EF-4555-4BE9-8110-EDDA9B0728FC}"
EndProject
Project("{2150E333-8FDC-42A3-9474-1A3956D46DE8}") = "WebAPP", "WebAPP", "{904247A6-4ED0-443A-AD74-C58493180EC8}"
EndProject
Project("{2150E333-8FDC-42A3-9474-1A3956D46DE8}") = "WebAPI", "WebAPI", "{D71BDEBE-857C-4DBA-A6A4-5F8BF9497B03}"
EndProject
Project("{2150E333-8FDC-42A3-9474-1A3956D46DE8}") = "WebAPP", "WebAPP", "{D02CE603-B78F-4AAB-ACC3-D93E5056EA5F}"
EndProject
Project("{2150E333-8FDC-42A3-9474-1A3956D46DE8}") = "WebAPI", "WebAPI", "{85CD16FF-B90B-4917-8A05-C5407B39E156}"
EndProject
Project("{FAE04EC0-301F-11D3-BF4B-00C04F79EFBC}") = "PhoeNix.WebAPI", "src\PhoeNix.WebAPI\PhoeNix.WebAPI.csproj", "{E4E487DE-CEB2-4AC7-BC6C-E3281CAFF77D}"
EndProject
Project("{FAE04EC0-301F-11D3-BF4B-00C04F79EFBC}") = "PhoeNix.WebAPI.Tests", "tests\PhoeNix.WebAPI.Tests\PhoeNix.WebAPI.Tests.csproj", "{8CF558A1-8862-4DA9-810C-261633C8F2F5}"
EndProject
Project("{FAE04EC0-301F-11D3-BF4B-00C04F79EFBC}") = "PhoeNix.WebAPP.Tests", "tests\PhoeNix.WebAPP.Tests\PhoeNix.WebAPP.Tests.csproj", "{67FCABD5-6BD8-417B-A016-E81784541C68}"
EndProject
Project("{FAE04EC0-301F-11D3-BF4B-00C04F79EFBC}") = "PhoeNix.WebAPP", "src\PhoeNix.WebAPP\PhoeNix.WebAPP\PhoeNix.WebAPP.csproj", "{0B5F3820-0526-4B56-B40D-99A7945C444A}"
EndProject
Project("{FAE04EC0-301F-11D3-BF4B-00C04F79EFBC}") = "PhoeNix.WebAPP.Client", "src\PhoeNix.WebAPP\PhoeNix.WebAPP.Client\PhoeNix.WebAPP.Client.csproj", "{32BFB219-62A9-48A1-A27D-171E0B85FA20}"
EndProject
Project("{2150E333-8FDC-42A3-9474-1A3956D46DE8}") = "Core", "Core", "{C101AAC2-F2B9-4BF7-B482-1555EA87F592}"
EndProject
Project("{2150E333-8FDC-42A3-9474-1A3956D46DE8}") = "External", "External", "{5CF7496F-9E48-4A57-8F78-18F5C74CFDF7}"
EndProject
Project("{FAE04EC0-301F-11D3-BF4B-00C04F79EFBC}") = "PhoeNix.Domain", "PhoeNix.Domain\PhoeNix.Domain.csproj", "{6F258CB2-001F-47BF-8B1E-BC1A0C2CDC2C}"
EndProject
Project("{FAE04EC0-301F-11D3-BF4B-00C04F79EFBC}") = "PhoeNix.Application", "src\PhoeNix.Application\PhoeNix.Application.csproj", "{5FE349A1-C1AA-4457-AB83-C204BBDE60EC}"
EndProject
Global
	GlobalSection(SolutionConfigurationPlatforms) = preSolution
		Debug|Any CPU = Debug|Any CPU
		Release|Any CPU = Release|Any CPU
	EndGlobalSection
	GlobalSection(NestedProjects) = preSolution
		{904247A6-4ED0-443A-AD74-C58493180EC8} = {BC5C563C-435A-49A9-B003-ECAD0BA0E293}
		{D71BDEBE-857C-4DBA-A6A4-5F8BF9497B03} = {BC5C563C-435A-49A9-B003-ECAD0BA0E293}
		{D02CE603-B78F-4AAB-ACC3-D93E5056EA5F} = {FC94C6EF-4555-4BE9-8110-EDDA9B0728FC}
		{85CD16FF-B90B-4917-8A05-C5407B39E156} = {FC94C6EF-4555-4BE9-8110-EDDA9B0728FC}
		{E4E487DE-CEB2-4AC7-BC6C-E3281CAFF77D} = {D71BDEBE-857C-4DBA-A6A4-5F8BF9497B03}
		{8CF558A1-8862-4DA9-810C-261633C8F2F5} = {85CD16FF-B90B-4917-8A05-C5407B39E156}
		{67FCABD5-6BD8-417B-A016-E81784541C68} = {D02CE603-B78F-4AAB-ACC3-D93E5056EA5F}
		{0B5F3820-0526-4B56-B40D-99A7945C444A} = {904247A6-4ED0-443A-AD74-C58493180EC8}
		{32BFB219-62A9-48A1-A27D-171E0B85FA20} = {904247A6-4ED0-443A-AD74-C58493180EC8}
		{C101AAC2-F2B9-4BF7-B482-1555EA87F592} = {BC5C563C-435A-49A9-B003-ECAD0BA0E293}
		{5CF7496F-9E48-4A57-8F78-18F5C74CFDF7} = {BC5C563C-435A-49A9-B003-ECAD0BA0E293}
		{6F258CB2-001F-47BF-8B1E-BC1A0C2CDC2C} = {C101AAC2-F2B9-4BF7-B482-1555EA87F592}
		{5FE349A1-C1AA-4457-AB83-C204BBDE60EC} = {C101AAC2-F2B9-4BF7-B482-1555EA87F592}
	EndGlobalSection
	GlobalSection(ProjectConfigurationPlatforms) = postSolution
		{E4E487DE-CEB2-4AC7-BC6C-E3281CAFF77D}.Debug|Any CPU.ActiveCfg = Debug|Any CPU
		{E4E487DE-CEB2-4AC7-BC6C-E3281CAFF77D}.Debug|Any CPU.Build.0 = Debug|Any CPU
		{E4E487DE-CEB2-4AC7-BC6C-E3281CAFF77D}.Release|Any CPU.ActiveCfg = Release|Any CPU
		{E4E487DE-CEB2-4AC7-BC6C-E3281CAFF77D}.Release|Any CPU.Build.0 = Release|Any CPU
		{8CF558A1-8862-4DA9-810C-261633C8F2F5}.Debug|Any CPU.ActiveCfg = Debug|Any CPU
		{8CF558A1-8862-4DA9-810C-261633C8F2F5}.Debug|Any CPU.Build.0 = Debug|Any CPU
		{8CF558A1-8862-4DA9-810C-261633C8F2F5}.Release|Any CPU.ActiveCfg = Release|Any CPU
		{8CF558A1-8862-4DA9-810C-261633C8F2F5}.Release|Any CPU.Build.0 = Release|Any CPU
		{67FCABD5-6BD8-417B-A016-E81784541C68}.Debug|Any CPU.ActiveCfg = Debug|Any CPU
		{67FCABD5-6BD8-417B-A016-E81784541C68}.Debug|Any CPU.Build.0 = Debug|Any CPU
		{67FCABD5-6BD8-417B-A016-E81784541C68}.Release|Any CPU.ActiveCfg = Release|Any CPU
		{67FCABD5-6BD8-417B-A016-E81784541C68}.Release|Any CPU.Build.0 = Release|Any CPU
		{0B5F3820-0526-4B56-B40D-99A7945C444A}.Debug|Any CPU.ActiveCfg = Debug|Any CPU
		{0B5F3820-0526-4B56-B40D-99A7945C444A}.Debug|Any CPU.Build.0 = Debug|Any CPU
		{0B5F3820-0526-4B56-B40D-99A7945C444A}.Release|Any CPU.ActiveCfg = Release|Any CPU
		{0B5F3820-0526-4B56-B40D-99A7945C444A}.Release|Any CPU.Build.0 = Release|Any CPU
		{32BFB219-62A9-48A1-A27D-171E0B85FA20}.Debug|Any CPU.ActiveCfg = Debug|Any CPU
		{32BFB219-62A9-48A1-A27D-171E0B85FA20}.Debug|Any CPU.Build.0 = Debug|Any CPU
		{32BFB219-62A9-48A1-A27D-171E0B85FA20}.Release|Any CPU.ActiveCfg = Release|Any CPU
		{32BFB219-62A9-48A1-A27D-171E0B85FA20}.Release|Any CPU.Build.0 = Release|Any CPU
		{6F258CB2-001F-47BF-8B1E-BC1A0C2CDC2C}.Debug|Any CPU.ActiveCfg = Debug|Any CPU
		{6F258CB2-001F-47BF-8B1E-BC1A0C2CDC2C}.Debug|Any CPU.Build.0 = Debug|Any CPU
		{6F258CB2-001F-47BF-8B1E-BC1A0C2CDC2C}.Release|Any CPU.ActiveCfg = Release|Any CPU
		{6F258CB2-001F-47BF-8B1E-BC1A0C2CDC2C}.Release|Any CPU.Build.0 = Release|Any CPU
		{5FE349A1-C1AA-4457-AB83-C204BBDE60EC}.Debug|Any CPU.ActiveCfg = Debug|Any CPU
		{5FE349A1-C1AA-4457-AB83-C204BBDE60EC}.Debug|Any CPU.Build.0 = Debug|Any CPU
		{5FE349A1-C1AA-4457-AB83-C204BBDE60EC}.Release|Any CPU.ActiveCfg = Release|Any CPU
		{5FE349A1-C1AA-4457-AB83-C204BBDE60EC}.Release|Any CPU.Build.0 = Release|Any CPU
	EndGlobalSection
EndGlobal
