{
  "version": 1,
  "dependencies": {
    "net10.0": {
      "Carter": {
        "type": "Direct",
        "requested": "[10.0.0, )",
        "resolved": "10.0.0",
        "contentHash": "TMSfoaIwEuQBqDxt0EdUmGLe6yLnkEBwYeWunyDfxhDPmDKtV/o1tDYsNWG5eMO6ontHonFttIMwbsg+ddi8YQ==",
        "dependencies": {
          "Carter.Analyzers": "10.0.0",
          "FluentValidation": "12.1.0",
          "Microsoft.Extensions.DependencyModel": "10.0.0"
        }
      },
      "FluentValidation": {
        "type": "Direct",
        "requested": "[12.1.1, )",
        "resolved": "12.1.1",
        "contentHash": "EPpkIe1yh1a0OXyC100oOA8WMbZvqUu5plwhvYcb7oSELfyUZzfxV48BLhvs3kKo4NwG7MGLNgy1RJiYtT8Dpw=="
      },
      "FluentValidation.DependencyInjectionExtensions": {
        "type": "Direct",
        "requested": "[12.1.1, )",
        "resolved": "12.1.1",
        "contentHash": "D0VXh4dtjjX2aQizuaa0g6R8X3U1JaVqJPfGCvLwZX9t/O2h7tkpbitbadQMfwcgSPdDbI2vDxuwRMv/Uf9dHA==",
        "dependencies": {
          "FluentValidation": "12.1.1"
        }
      },
      "Microsoft.AspNetCore.Authentication.JwtBearer": {
        "type": "Direct",
        "requested": "[10.0.4, )",
        "resolved": "10.0.4",
        "contentHash": "1mUwGyeGrGETdhlU/ZzNZeN2J6ugqf9EztZyG+WQIZwkaH5+lFNza15+cNCXhXNA0MKo1iohr5vj60eqR2J44Q==",
        "dependencies": {
          "Microsoft.IdentityModel.Protocols.OpenIdConnect": "8.0.1"
        }
      },
      "Microsoft.AspNetCore.OpenApi": {
        "type": "Direct",
        "requested": "[10.0.4, )",
        "resolved": "10.0.4",
        "contentHash": "OsEhbmT4Xenukau5YCR867gr/HmuAJ9DqMBPQGTcmdNU/TqBqdcnB+yLNwD/mTdkHzLBB+XG7cI4H1L5B1jx+Q==",
        "dependencies": {
          "Microsoft.OpenApi": "2.0.0"
        }
      },
      "Microsoft.CodeAnalysis.Common": {
        "type": "Direct",
        "requested": "[5.0.0, )",
        "resolved": "5.0.0",
        "contentHash": "ZXRAdvH6GiDeHRyd3q/km8Z44RoM6FBWHd+gen/la81mVnAdHTEsEkO5J0TCNXBymAcx5UYKt5TvgKBhaLJEow==",
        "dependencies": {
          "Microsoft.CodeAnalysis.Analyzers": "3.11.0"
        }
      },
      "Microsoft.EntityFrameworkCore.Design": {
        "type": "Direct",
        "requested": "[10.0.4, )",
        "resolved": "10.0.4",
        "contentHash": "FmiUU5xdu1chVxnmsu/mEpCKVQ5+lvIxdP0194lE7HfoU1jO4z/9qnWZpd0kSkVve4gOnRm1lE20kkhlMqJJIg==",
        "dependencies": {
          "Humanizer.Core": "2.14.1",
          "Microsoft.Build.Framework": "18.0.2",
          "Microsoft.CodeAnalysis.CSharp": "5.0.0",
          "Microsoft.CodeAnalysis.CSharp.Workspaces": "5.0.0",
          "Microsoft.CodeAnalysis.Workspaces.MSBuild": "5.0.0",
          "Microsoft.EntityFrameworkCore.Relational": "10.0.4",
          "Microsoft.Extensions.DependencyModel": "10.0.4",
          "Mono.TextTemplating": "3.0.0",
          "Newtonsoft.Json": "13.0.3"
        }
      },
      "Swashbuckle.AspNetCore": {
        "type": "Direct",
        "requested": "[10.1.3, )",
        "resolved": "10.1.3",
        "contentHash": "dKB0nT1DUHdoC6ZWHHugRrXUJTZps+CewabK2/jmaRrQknwrYvzvow//7vU/8rFWdZ1iD9RQYyPegQmK6nfBBg==",
        "dependencies": {
          "Microsoft.Extensions.ApiDescription.Server": "10.0.0",
          "Swashbuckle.AspNetCore.Swagger": "10.1.3",
          "Swashbuckle.AspNetCore.SwaggerGen": "10.1.3",
          "Swashbuckle.AspNetCore.SwaggerUI": "10.1.3"
        }
      },
      "Carter.Analyzers": {
        "type": "Transitive",
        "resolved": "10.0.0",
        "contentHash": "NC8nnaoCCKUDkZgDXIk7p7IgXOYsAYrOPp4a9AwFPGSoa92VqOnpp/O4YeKicnMByNigTCNzua7yxIbSFfRTqA==",
        "dependencies": {
          "Microsoft.CodeAnalysis.CSharp": "4.14.0"
        }
      },
      "Humanizer": {
        "type": "Transitive",
        "resolved": "3.0.1",
        "contentHash": "uRZV5kBBsgDO4ImrjmsJOcx7OGUb5nIlj2Yhm7aWzqJHv2ymMAMcAIvkHbHzE6Z35tYRz3u83lmXJ8vUGsuCFg==",
        "dependencies": {
          "Humanizer.Core.af": "3.0.1",
          "Humanizer.Core.ar": "3.0.1",
          "Humanizer.Core.az": "3.0.1",
          "Humanizer.Core.bg": "3.0.1",
          "Humanizer.Core.bn": "3.0.1",
          "Humanizer.Core.ca": "3.0.1",
          "Humanizer.Core.cs": "3.0.1",
          "Humanizer.Core.da": "3.0.1",
          "Humanizer.Core.de": "3.0.1",
          "Humanizer.Core.el": "3.0.1",
          "Humanizer.Core.es": "3.0.1",
          "Humanizer.Core.fa": "3.0.1",
          "Humanizer.Core.fi": "3.0.1",
          "Humanizer.Core.fil": "3.0.1",
          "Humanizer.Core.fr": "3.0.1",
          "Humanizer.Core.he": "3.0.1",
          "Humanizer.Core.hr": "3.0.1",
          "Humanizer.Core.hu": "3.0.1",
          "Humanizer.Core.hy": "3.0.1",
          "Humanizer.Core.id": "3.0.1",
          "Humanizer.Core.is": "3.0.1",
          "Humanizer.Core.it": "3.0.1",
          "Humanizer.Core.ja": "3.0.1",
          "Humanizer.Core.ko": "3.0.1",
          "Humanizer.Core.ku": "3.0.1",
          "Humanizer.Core.lb": "3.0.1",
          "Humanizer.Core.lt": "3.0.1",
          "Humanizer.Core.lv": "3.0.1",
          "Humanizer.Core.ms": "3.0.1",
          "Humanizer.Core.mt": "3.0.1",
          "Humanizer.Core.nb": "3.0.1",
          "Humanizer.Core.nl": "3.0.1",
          "Humanizer.Core.pl": "3.0.1",
          "Humanizer.Core.pt": "3.0.1",
          "Humanizer.Core.pt-BR": "3.0.1",
          "Humanizer.Core.ro": "3.0.1",
          "Humanizer.Core.ru": "3.0.1",
          "Humanizer.Core.sk": "3.0.1",
          "Humanizer.Core.sl": "3.0.1",
          "Humanizer.Core.sr": "3.0.1",
          "Humanizer.Core.sr-Latn": "3.0.1",
          "Humanizer.Core.sv": "3.0.1",
          "Humanizer.Core.th": "3.0.1",
          "Humanizer.Core.tr": "3.0.1",
          "Humanizer.Core.uk": "3.0.1",
          "Humanizer.Core.uz-Cyrl-UZ": "3.0.1",
          "Humanizer.Core.uz-Latn-UZ": "3.0.1",
          "Humanizer.Core.vi": "3.0.1",
          "Humanizer.Core.zh-CN": "3.0.1",
          "Humanizer.Core.zh-Hans": "3.0.1",
          "Humanizer.Core.zh-Hant": "3.0.1"
        }
      },
      "Humanizer.Core": {
        "type": "Transitive",
        "resolved": "3.0.1",
        "contentHash": "scB3+KcxNmEjZK5V8rKCW2gIiL8m8KH91w14FuuExyhi9xTyAJ+jr+DDxGdy12mHmioe2uvjxTfMgM7WmSUFlw=="
      },
      "Humanizer.Core.af": {
        "type": "Transitive",
        "resolved": "3.0.1",
        "contentHash": "LKNTk2cl3wkK4Nhkbi7YQ0OnxzUvmJNOCUjCwy7rk/NBSSz909HfvC6eshjjWX1owE5Fnk5fyHzq//5vN0IOfw==",
        "dependencies": {
          "Humanizer.Core": "[3.0.1]"
        }
      },
      "Humanizer.Core.ar": {
        "type": "Transitive",
        "resolved": "3.0.1",
        "contentHash": "c4V0Kq4HSL9dCfTHiWrs/75E/2j0X+N5Sto+a+0BbUB5o5+Tr1aE0D99amCQPnDb6GeU/v/Cxejdhmtyu9TWwQ==",
        "dependencies": {
          "Humanizer.Core": "[3.0.1]"
        }
      },
      "Humanizer.Core.az": {
        "type": "Transitive",
        "resolved": "3.0.1",
        "contentHash": "ZOdgketyLCdqswUMCY//oM/zIctTxW542GoE6xa+VJ6kAZ6KjDcYJORxkTaK+q7pXW7u/KiGKEH2E71WiePG8w==",
        "dependencies": {
          "Humanizer.Core": "[3.0.1]"
        }
      },
      "Humanizer.Core.bg": {
        "type": "Transitive",
        "resolved": "3.0.1",
        "contentHash": "b0cHZdnOEHc/3GHlo3dwsDZY8Gf/YZZ2u1znVfPRdOxjUfbUIA1SrNynNXgKiqWIKoG6ugprEkmD7p+/OF3AdA==",
        "dependencies": {
          "Humanizer.Core": "[3.0.1]"
        }
      },
      "Humanizer.Core.bn": {
        "type": "Transitive",
        "resolved": "3.0.1",
        "contentHash": "vGmTf3p4jcCO9C9F5Z04pGnuLvfKQMQnbxvtY2qsIUJEqmQ5lZ1/F0CzOd6Rvbx3dIhQ+0wDoXE3iYEmmBAQTw==",
        "dependencies": {
          "Humanizer.Core": "[3.0.1]"
        }
      },
      "Humanizer.Core.ca": {
        "type": "Transitive",
        "resolved": "3.0.1",
        "contentHash": "AG8zl+fXOl6B9XrjPl+L2emKHNkygO7/7TwecNdmVRQNCSxxvm214K81RGMFEyPpTmUKpwx6Uqv8ADbjjonGMQ==",
        "dependencies": {
          "Humanizer.Core": "[3.0.1]"
        }
      },
      "Humanizer.Core.cs": {
        "type": "Transitive",
        "resolved": "3.0.1",
        "contentHash": "UAt+Nfe2bjK6b2RD0paI/755I8tbFGu4rfwNAUKUM/M7n+F5MLHTlSaRZiKsd45s92WvXxOrkO3bccFRNL2Amw==",
        "dependencies": {
          "Humanizer.Core": "[3.0.1]"
        }
      },
      "Humanizer.Core.da": {
        "type": "Transitive",
        "resolved": "3.0.1",
        "contentHash": "DTRHLcwR3WLCwz8M3O5FeZFHdssPdIKkTMJbDm6s93ae/K7hrOrTGPlCkv1yE9ZobKAIUxB9Wdm9YSfDxhngTQ==",
        "dependencies": {
          "Humanizer.Core": "[3.0.1]"
        }
      },
      "Humanizer.Core.de": {
        "type": "Transitive",
        "resolved": "3.0.1",
        "contentHash": "MGgIR1+RDxJUctd40yP4xBI7afd3agcGcq6vLd06NhtBInicTeswu1iaBYKOh0rciY86pl4Nww/B0Cg7rXUZUQ==",
        "dependencies": {
          "Humanizer.Core": "[3.0.1]"
        }
      },
      "Humanizer.Core.el": {
        "type": "Transitive",
        "resolved": "3.0.1",
        "contentHash": "XS0TXXGf+Ei3lQJmyptLAZzCfY7Ffkv1O2sZrW5uA7pWnSjsupMZjSmEv2X4oo7Zu1ZRK+bB9S0e7rkqDWpn8A==",
        "dependencies": {
          "Humanizer.Core": "[3.0.1]"
        }
      },
      "Humanizer.Core.es": {
        "type": "Transitive",
        "resolved": "3.0.1",
        "contentHash": "6yqGUvfwQfzKwR5ocYIG+qUoPG2SDua7WaaEb9O0xTT1QmqRL0Crzsc07ciHgOZilKB079YDJh1F9ltHFZZyxA==",
        "dependencies": {
          "Humanizer.Core": "[3.0.1]"
        }
      },
      "Humanizer.Core.fa": {
        "type": "Transitive",
        "resolved": "3.0.1",
        "contentHash": "V3F+5SMORKekzej0m89qu5zm76Kqe0I016qBHjwsy7jd1nL3xnEEixPatqQoMtluWw8mUUL3NTYC7EFTR7AEZw==",
        "dependencies": {
          "Humanizer.Core": "[3.0.1]"
        }
      },
      "Humanizer.Core.fi": {
        "type": "Transitive",
        "resolved": "3.0.1",
        "contentHash": "fg8ZPwuheKZ5dZn8cc12c9KWJlugwhvXCvGymRKF8E5wETvkz4a/aVRaGaA0euCf1fbou+LT7JvPkWanow5sVA==",
        "dependencies": {
          "Humanizer.Core": "[3.0.1]"
        }
      },
      "Humanizer.Core.fil": {
        "type": "Transitive",
        "resolved": "3.0.1",
        "contentHash": "Fuld+Fb3fSuxsVzaLV+It4CNQgXX3kwo3ZDOYD+vyJQ3miEmbswB79wrCsxzF9vD6dxSEUM6c1RuOHlQApQiSw==",
        "dependencies": {
          "Humanizer.Core": "[3.0.1]"
        }
      },
      "Humanizer.Core.fr": {
        "type": "Transitive",
        "resolved": "3.0.1",
        "contentHash": "YvBU3L/8yWGO5TZG9wuZejcAFyYKUYUBcRd/0aBj29yAFaU7AxOVMDkvAZ4Djjvqaa2FGM+5aURfS7V4vMfegA==",
        "dependencies": {
          "Humanizer.Core": "[3.0.1]"
        }
      },
      "Humanizer.Core.he": {
        "type": "Transitive",
        "resolved": "3.0.1",
        "contentHash": "/cUou0hORxlbXBwwHh7PtZ1i0hlBbD9QkoOBYEwmr7e+xIyVNfH6lAfGS0ZPsuX+QHRzCn4mURK/hBaLKDVolw==",
        "dependencies": {
          "Humanizer.Core": "[3.0.1]"
        }
      },
      "Humanizer.Core.hr": {
        "type": "Transitive",
        "resolved": "3.0.1",
        "contentHash": "F6zCt7cAKPZhHK0M26Gj+HttdYAEPt/JPEZ7I8Bk6pBDSXikq97Zn8Vj0UUj1MWYIDul2L4UP9+B41bXn/xe/A==",
        "dependencies": {
          "Humanizer.Core": "[3.0.1]"
        }
      },
      "Humanizer.Core.hu": {
        "type": "Transitive",
        "resolved": "3.0.1",
        "contentHash": "NrtTiA0vbU0qvWY6BCbJy/6dMoknrw/tfyHVXUDNSGcWRAqv5S7yiaYufSxaHiyUM4l8I5ZNZII2KJ7iqqL8sg==",
        "dependencies": {
          "Humanizer.Core": "[3.0.1]"
        }
      },
      "Humanizer.Core.hy": {
        "type": "Transitive",
        "resolved": "3.0.1",
        "contentHash": "aLjHh5XmzDI1pfGzN+z3bPVCgek8Z0K50MTyhaMKFWssa0PdqPFuwoF7ZwI1cyonZzif1LB1r6Ibrvgmw5OhQg==",
        "dependencies": {
          "Humanizer.Core": "[3.0.1]"
        }
      },
      "Humanizer.Core.id": {
        "type": "Transitive",
        "resolved": "3.0.1",
        "contentHash": "gpgTbOlZjnt+36Qn6KuNk+iO8zpc+Xg4YK8QazARmV71Jw2AFgWJHRZJZG0aUO+ssEAkAxVrpXxxKrTsUZjAtA==",
        "dependencies": {
          "Humanizer.Core": "[3.0.1]"
        }
      },
      "Humanizer.Core.is": {
        "type": "Transitive",
        "resolved": "3.0.1",
        "contentHash": "4RRKEa3ob42dDemSfP1oeo4Yp3U3kU21JivMdFFxsAW6mb8f7yUvGHCVe/FT3Jp1NvXhM3RS2s5vHbBrpDU8cg==",
        "dependencies": {
          "Humanizer.Core": "[3.0.1]"
        }
      },
      "Humanizer.Core.it": {
        "type": "Transitive",
        "resolved": "3.0.1",
        "contentHash": "pdKh1KxTDi5tQsT2rpChPWeLss7h2AsZB+RZrrTS9mkx1dFPw7aJfLDOP6mGiCSwjV16s9bJDOvTmIMgmbXfYA==",
        "dependencies": {
          "Humanizer.Core": "[3.0.1]"
        }
      },
      "Humanizer.Core.ja": {
        "type": "Transitive",
        "resolved": "3.0.1",
        "contentHash": "qQtb0A759FWcxs8wmrzSQDi97yXxwQQFgBmhYMJ/pll+meAO893jMd5qR9VzRkTTRjCAdU0wTVDWO3rpC7YBAQ==",
        "dependencies": {
          "Humanizer.Core": "[3.0.1]"
        }
      },
      "Humanizer.Core.ko": {
        "type": "Transitive",
        "resolved": "3.0.1",
        "contentHash": "pMkFipRR20mcBWILGNPryzmKdJXYsD24IfNpqWsAiEX4+/c+g+M9YUJwLbdY0oEi792Y3irdWUI1IpnfPcY8Iw==",
        "dependencies": {
          "Humanizer.Core": "[3.0.1]"
        }
      },
      "Humanizer.Core.ku": {
        "type": "Transitive",
        "resolved": "3.0.1",
        "contentHash": "7FZAyQ9qzJMrkDNSkrqcqx0ob7sdg0RWYI/M3yz6IaB5v8nqWO2WnPbPq78XGKGgL/fOiBT2XVKVqKYkdLrulA==",
        "dependencies": {
          "Humanizer.Core": "[3.0.1]"
        }
      },
      "Humanizer.Core.lb": {
        "type": "Transitive",
        "resolved": "3.0.1",
        "contentHash": "ktEeiniJT4syJvPnTXp+bcTQ6R6R7+Je9isCUKrmuDEoRJNr6OoFu36K5RTtvlUsasI7Ru2KP94uSSVnUcSLrA==",
        "dependencies": {
          "Humanizer.Core": "[3.0.1]"
        }
      },
      "Humanizer.Core.lt": {
        "type": "Transitive",
        "resolved": "3.0.1",
        "contentHash": "r5nkmODEYCb/wzmn1+ERWVuZQWLLF8n/zf5e82GSGXo1mgt00wTBLcduGUwIlaWsPo5zAS4eiWCkGLNezPfgLw==",
        "dependencies": {
          "Humanizer.Core": "[3.0.1]"
        }
      },
      "Humanizer.Core.lv": {
        "type": "Transitive",
        "resolved": "3.0.1",
        "contentHash": "4rsHaWK0iyYyHzWN83OZv1RcS8Ho96YoVPq0ZKrlSTfR5ig4xeDacjkoQOxBWDDEUFOlvR3Snno8xWQCE2dI1w==",
        "dependencies": {
          "Humanizer.Core": "[3.0.1]"
        }
      },
      "Humanizer.Core.ms": {
        "type": "Transitive",
        "resolved": "3.0.1",
        "contentHash": "9wHegXMF9bYdbtXGxkOBTB69pk3U3l3xN1JLhTSUyC3ZhzTlBILCewk93afthIOV+vaiQZlZzpK6WDe/ScRS7w==",
        "dependencies": {
          "Humanizer.Core": "[3.0.1]"
        }
      },
      "Humanizer.Core.mt": {
        "type": "Transitive",
        "resolved": "3.0.1",
        "contentHash": "I0kph898CunykQr+6gcXzMhlfuPBgUWY1l4+9Puqemm/WRJV4rdW+AVsGicqtwa5Fs2gFfrbtEVKrc1detS88A==",
        "dependencies": {
          "Humanizer.Core": "[3.0.1]"
        }
      },
      "Humanizer.Core.nb": {
        "type": "Transitive",
        "resolved": "3.0.1",
        "contentHash": "QopJKzTLbjA9z1+YqLRxLrlaXqCnjpAuT9ta3BlT1IZmaFijleh1TvsjmA1l7qkkKqUoumPR7L81Vh6CQu9/GA==",
        "dependencies": {
          "Humanizer.Core": "[3.0.1]"
        }
      },
      "Humanizer.Core.nl": {
        "type": "Transitive",
        "resolved": "3.0.1",
        "contentHash": "j5ddH/XUltLWrPZpHehjQwpPIfHoOUQqi6MCJpJUo106k2TPe+ipyzkhnnnibk9qK+Hd81ov817DhbAbbD2A7A==",
        "dependencies": {
          "Humanizer.Core": "[3.0.1]"
        }
      },
      "Humanizer.Core.pl": {
        "type": "Transitive",
        "resolved": "3.0.1",
        "contentHash": "WjOfc4AzpOZBNlCHsAASbTlvmv3kgQLW3h3vabx66QoehEGl/Kllq4GlNGQRc9kVLUVF7upVC4jSE7MjjtADlA==",
        "dependencies": {
          "Humanizer.Core": "[3.0.1]"
        }
      },
      "Humanizer.Core.pt": {
        "type": "Transitive",
        "resolved": "3.0.1",
        "contentHash": "/OehqYW5xklbEPr0aAYRLmc33/71OqPVjdmU5aYj3KcbNWFI+O0YhfdP2SQITEJGbkSXfr5YdsavkLzEMEfgOg==",
        "dependencies": {
          "Humanizer.Core": "[3.0.1]"
        }
      },
      "Humanizer.Core.pt-BR": {
        "type": "Transitive",
        "resolved": "3.0.1",
        "contentHash": "bZ1UXCWJtsboUjGREGrwO1ppyHj0cr1Z8xXc5IM7WyxVWnowYGBhyerqKO/Lwr8kdpmJncstSB4FsKnSjM39HQ==",
        "dependencies": {
          "Humanizer.Core": "[3.0.1]"
        }
      },
      "Humanizer.Core.ro": {
        "type": "Transitive",
        "resolved": "3.0.1",
        "contentHash": "ua23bRGks2wu4ZSRto8f2KRCBug0DjqmPylMlRT+I4geCGNlnrRdf5917gLaqyPQJ6eCDkKGET3D8D/lackB6Q==",
        "dependencies": {
          "Humanizer.Core": "[3.0.1]"
        }
      },
      "Humanizer.Core.ru": {
        "type": "Transitive",
        "resolved": "3.0.1",
        "contentHash": "Hffw9P/yRVOKwB0S+0878ve7wvHKBS22rqKiaJW6nr1VfmNSFNKdo1tYG9lkwT1POMy3g5b0xi0YqqEmUXtpWQ==",
        "dependencies": {
          "Humanizer.Core": "[3.0.1]"
        }
      },
      "Humanizer.Core.sk": {
        "type": "Transitive",
        "resolved": "3.0.1",
        "contentHash": "kb5oyCUqc7/WDX8fAD37rQveV/Cy9gXcFKy3rKc0sEoDHWIkgVg3y6sW8sPYG4sTuREkDbsOtifRLI+nnsr3Lg==",
        "dependencies": {
          "Humanizer.Core": "[3.0.1]"
        }
      },
      "Humanizer.Core.sl": {
        "type": "Transitive",
        "resolved": "3.0.1",
        "contentHash": "FNtrA7C13LUlpvz88tlsomW/KvlZ0S85MpOrxB5LomdmwJtuE6qAVicFsgEJFfCohqEh9RYJ6u5J2QLmtrXJrg==",
        "dependencies": {
          "Humanizer.Core": "[3.0.1]"
        }
      },
      "Humanizer.Core.sr": {
        "type": "Transitive",
        "resolved": "3.0.1",
        "contentHash": "mhxLDwyt9BdsHPdeVBDrJfZee8IMl2sx1edf1UzUe+L5R3iXX4DvDnM7+f3+WfKryPQQtTCAeovMy+jlC4O4NQ==",
        "dependencies": {
          "Humanizer.Core": "[3.0.1]"
        }
      },
      "Humanizer.Core.sr-Latn": {
        "type": "Transitive",
        "resolved": "3.0.1",
        "contentHash": "t4YT2guMSknD9c1FhrhhPVpxzQTrk4HxecOcKM8A18FMCnA6s/PbAF0ryjWvNo9Tnzzh8dS3VVlVKAm3S0cQcA==",
        "dependencies": {
          "Humanizer.Core": "[3.0.1]"
        }
      },
      "Humanizer.Core.sv": {
        "type": "Transitive",
        "resolved": "3.0.1",
        "contentHash": "GEjSEUWI0Mve2ZpUJa5YwmHWa8/FCc/Hsea7LiSp41gHWkvmh5HCC2wsz/39sc+C+FgA7OEUvXHDLC/Z3p0Hew==",
        "dependencies": {
          "Humanizer.Core": "[3.0.1]"
        }
      },
      "Humanizer.Core.th": {
        "type": "Transitive",
        "resolved": "3.0.1",
        "contentHash": "4g7znXXhYO7kyOhyqYp84Sv25q4LhVQjjY1JIaKXjpfKfDcYSmZ0aUyOXg14SvYbIinOvPR2XEiYdHHyT/uzDA==",
        "dependencies": {
          "Humanizer.Core": "[3.0.1]"
        }
      },
      "Humanizer.Core.tr": {
        "type": "Transitive",
        "resolved": "3.0.1",
        "contentHash": "g36S6Qo9BJumD7AQYux9/2pzQ2FFmRx4YJ7pOqz9UbJ/S2Ic1w3gGNU1YxnNnHTmPHEpo7abQFkCeh/47e0cMg==",
        "dependencies": {
          "Humanizer.Core": "[3.0.1]"
        }
      },
      "Humanizer.Core.uk": {
        "type": "Transitive",
        "resolved": "3.0.1",
        "contentHash": "tWPIN7k+S8skLeb1SPvOrM+6gonNkwj636hsGorKwua9Z2ggr41YB8gdx1wj52yCJ1wckLbjz5+l/6KVBpen6g==",
        "dependencies": {
          "Humanizer.Core": "[3.0.1]"
        }
      },
      "Humanizer.Core.uz-Cyrl-UZ": {
        "type": "Transitive",
        "resolved": "3.0.1",
        "contentHash": "3TRikS82eHOxeIXU0iKI26hAj0vLrx7beHtv6zsSpbp4akqUHWv15c9TP0hGVFSz+WOOWZPfpoRSEet4JsWPqA==",
        "dependencies": {
          "Humanizer.Core": "[3.0.1]"
        }
      },
      "Humanizer.Core.uz-Latn-UZ": {
        "type": "Transitive",
        "resolved": "3.0.1",
        "contentHash": "+O91D1kwMQ3EGSWl42RU9PBJu1hTyfcezVFE2FcdPi1YuPjT5FpPdjq0NUFujAUa5xSSxcfTI/Ultx6WXlAjOw==",
        "dependencies": {
          "Humanizer.Core": "[3.0.1]"
        }
      },
      "Humanizer.Core.vi": {
        "type": "Transitive",
        "resolved": "3.0.1",
        "contentHash": "9lNDn+MhtYoCDBSIEgQ8YRuYI3RGrw6ilX4u18e4OxwGg75xGr8DqQ6tAqMFpnmHqQXVz8/xc06nuPMLeUHfNQ==",
        "dependencies": {
          "Humanizer.Core": "[3.0.1]"
        }
      },
      "Humanizer.Core.zh-CN": {
        "type": "Transitive",
        "resolved": "3.0.1",
        "contentHash": "owiD1DAcG+ABrC0GmJm9qBfaDnFlQGwQUcQUH1Q+ZJLDNNEC8B45B9wY7droXaZbVUU8zQvg4AiHw2TEI1b3oA==",
        "dependencies": {
          "Humanizer.Core": "[3.0.1]"
        }
      },
      "Humanizer.Core.zh-Hans": {
        "type": "Transitive",
        "resolved": "3.0.1",
        "contentHash": "RI8vi3WpQxC7wyluN1LvLqp3YnyACEMhkpBXT0c73RALmWtwih7wskmbHvSG/GE/XXjOFhRdwqhKJQ6Ceh+YGw==",
        "dependencies": {
          "Humanizer.Core": "[3.0.1]"
        }
      },
      "Humanizer.Core.zh-Hant": {
        "type": "Transitive",
        "resolved": "3.0.1",
        "contentHash": "GWgEWGcflavxgcAil3ZYhnqmXZlaJA/QHURXC9GpSp7jrEGkN526ju67fEn0+LpzYRsj3mOZp2ZfFH1ltjD+FQ==",
        "dependencies": {
          "Humanizer.Core": "[3.0.1]"
        }
      },
      "MediatR": {
        "type": "Transitive",
        "resolved": "14.0.0",
        "contentHash": "r5fwUO6NBvOFKaiMRx/gRrD1MEHHOio5yEdzSLs2OMeD2e9ZKnZaBQM6A6vVBEWJF4VY41vplXmDMOY1YvpqNA==",
        "dependencies": {
          "MediatR.Contracts": "[2.0.1, 3.0.0)",
          "Microsoft.IdentityModel.JsonWebTokens": "8.14.0"
        }
      },
      "MediatR.Contracts": {
        "type": "Transitive",
        "resolved": "2.0.1",
        "contentHash": "FYv95bNT4UwcNA+G/J1oX5OpRiSUxteXaUt2BJbRSdRNiIUNbggJF69wy6mnk2wYToaanpdXZdCwVylt96MpwQ=="
      },
      "Microsoft.Build.Framework": {
        "type": "Transitive",
        "resolved": "18.0.2",
        "contentHash": "sOSb+0J4G/jCBW/YqmRuL0eOMXgfw1KQLdC9TkbvfA5xs7uNm+PBQXJCOzSJGXtZcZrtXozcwxPmUiRUbmd7FA=="
      },
      "Microsoft.CodeAnalysis.Analyzers": {
        "type": "Transitive",
        "resolved": "3.11.0",
        "contentHash": "v/EW3UE8/lbEYHoC2Qq7AR/DnmvpgdtAMndfQNmpuIMx/Mto8L5JnuCfdBYtgvalQOtfNCnxFejxuRrryvUTsg=="
      },
      "Microsoft.CodeAnalysis.CSharp": {
        "type": "Transitive",
        "resolved": "5.0.0",
        "contentHash": "5DSyJ9bk+ATuDy7fp2Zt0mJStDVKbBoiz1DyfAwSa+k4H4IwykAUcV3URelw5b8/iVbfSaOwkwmPUZH6opZKCw==",
        "dependencies": {
          "Microsoft.CodeAnalysis.Analyzers": "3.11.0",
          "Microsoft.CodeAnalysis.Common": "[5.0.0]"
        }
      },
      "Microsoft.CodeAnalysis.CSharp.Workspaces": {
        "type": "Transitive",
        "resolved": "5.0.0",
        "contentHash": "Al/Q8B+yO8odSqGVpSvrShMFDvlQdIBU//F3E6Rb0YdiLSALE9wh/pvozPNnfmh5HDnvU+mkmSjpz4hQO++jaA==",
        "dependencies": {
          "Humanizer.Core": "2.14.1",
          "Microsoft.CodeAnalysis.Analyzers": "3.11.0",
          "Microsoft.CodeAnalysis.CSharp": "[5.0.0]",
          "Microsoft.CodeAnalysis.Common": "[5.0.0]",
          "Microsoft.CodeAnalysis.Workspaces.Common": "[5.0.0]",
          "System.Composition": "9.0.0"
        }
      },
      "Microsoft.CodeAnalysis.Workspaces.Common": {
        "type": "Transitive",
        "resolved": "5.0.0",
        "contentHash": "ZbUmIvT6lqTNKiv06Jl5wf0MTMi1vQ1oH7ou4CLcs2C/no/L7EhP3T8y3XXvn9VbqMcJaJnEsNA1jwYUMgc5jg==",
        "dependencies": {
          "Humanizer.Core": "2.14.1",
          "Microsoft.CodeAnalysis.Analyzers": "3.11.0",
          "Microsoft.CodeAnalysis.Common": "[5.0.0]",
          "System.Composition": "9.0.0"
        }
      },
      "Microsoft.CodeAnalysis.Workspaces.MSBuild": {
        "type": "Transitive",
        "resolved": "5.0.0",
        "contentHash": "/G+LVoAGMz6Ae8nm+PGLxSw+F5RjYx/J7irbTO5uKAPw1bxHyQJLc/YOnpDxt+EpPtYxvC9wvBsg/kETZp1F9Q==",
        "dependencies": {
          "Humanizer.Core": "2.14.1",
          "Microsoft.Build.Framework": "17.11.31",
          "Microsoft.CodeAnalysis.Analyzers": "3.11.0",
          "Microsoft.CodeAnalysis.Workspaces.Common": "[5.0.0]",
          "Microsoft.VisualStudio.SolutionPersistence": "1.0.52",
          "Newtonsoft.Json": "13.0.3",
          "System.Composition": "9.0.0"
        }
      },
      "Microsoft.EntityFrameworkCore": {
        "type": "Transitive",
        "resolved": "10.0.4",
        "contentHash": "kzTsfFK2GCytp6DDTfQOmxPU4gbGdrIlP7PxrxF3ESNLtfXrC8BoUVZENBN2WORlZPAD7CVX6AYIglgkpXQooA==",
        "dependencies": {
          "Microsoft.EntityFrameworkCore.Abstractions": "10.0.4",
          "Microsoft.EntityFrameworkCore.Analyzers": "10.0.4"
        }
      },
      "Microsoft.EntityFrameworkCore.Abstractions": {
        "type": "Transitive",
        "resolved": "10.0.4",
        "contentHash": "qDcJqCfN1XYyX0ID/Hd9/kQTRvlia8S+Yuwyl9uFhBIKnOCbl9WMdGQCzbZUKbkpkfvf3P9CDdXsnxHyE3O0Aw=="
      },
      "Microsoft.EntityFrameworkCore.Analyzers": {
        "type": "Transitive",
        "resolved": "10.0.4",
        "contentHash": "pQeMHCyD3yTtCEGnHV4VsgKUvrESo3MR5mnh8sgQ1hWYmI1YFsUutDowBIxkobeWRtaRmBqQAtF7XQFW6FWuNA=="
      },
      "Microsoft.EntityFrameworkCore.InMemory": {
        "type": "Transitive",
        "resolved": "10.0.4",
        "contentHash": "5iV0F645m863ccamkNhndJZsFCVVZ/08yTZ8x5uxYp41rbT7z5FFjLm2uM6IP2CBMYGTOBy+QWL/MiDKMc3FPA==",
        "dependencies": {
          "Microsoft.EntityFrameworkCore": "10.0.4"
        }
      },
      "Microsoft.EntityFrameworkCore.Relational": {
        "type": "Transitive",
        "resolved": "10.0.4",
        "contentHash": "DOTjTHy93W3TwpMLM4SCm0n57Sc0Jj3+m2S6LSTstKyBB34eT1UouaMS19mpWwvtj42+sRiEjA3+rOTNoNzXFQ==",
        "dependencies": {
          "Microsoft.EntityFrameworkCore": "10.0.4"
        }
      },
      "Microsoft.Extensions.ApiDescription.Server": {
        "type": "Transitive",
        "resolved": "10.0.0",
        "contentHash": "NCWCGiwRwje8773yzPQhvucYnnfeR+ZoB1VRIrIMp4uaeUNw7jvEPHij3HIbwCDuNCrNcphA00KSAR9yD9qmbg=="
      },
      "Microsoft.Extensions.DependencyModel": {
        "type": "Transitive",
        "resolved": "10.0.4",
        "contentHash": "LiJXylfk8pk+2zsUsITkou3QTFMJ8RNJ0oKKY0Oyjt6HJctGJwPw//ZgoNO4J29zKaT+dR4/PI2jW/znRcspLg=="
      },
      "Microsoft.IdentityModel.Abstractions": {
        "type": "Transitive",
        "resolved": "8.14.0",
        "contentHash": "iwbCpSjD3ehfTwBhtSNEtKPK0ICun6ov7Ibx6ISNA9bfwIyzI2Siwyi9eJFCJBwxowK9xcA1mj+jBWiigeqgcQ=="
      },
      "Microsoft.IdentityModel.JsonWebTokens": {
        "type": "Transitive",
        "resolved": "8.14.0",
        "contentHash": "4jOpiA4THdtpLyMdAb24dtj7+6GmvhOhxf5XHLYWmPKF8ApEnApal1UnJsKO4HxUWRXDA6C4WQVfYyqsRhpNpQ==",
        "dependencies": {
          "Microsoft.IdentityModel.Tokens": "8.14.0"
        }
      },
      "Microsoft.IdentityModel.Logging": {
        "type": "Transitive",
        "resolved": "8.14.0",
        "contentHash": "eqqnemdW38CKZEHS6diA50BV94QICozDZEvSrsvN3SJXUFwVB9gy+/oz76gldP7nZliA16IglXjXTCTdmU/Ejg==",
        "dependencies": {
          "Microsoft.IdentityModel.Abstractions": "8.14.0"
        }
      },
      "Microsoft.IdentityModel.Protocols": {
        "type": "Transitive",
        "resolved": "8.0.1",
        "contentHash": "uA2vpKqU3I2mBBEaeJAWPTjT9v1TZrGWKdgK6G5qJd03CLx83kdiqO9cmiK8/n1erkHzFBwU/RphP83aAe3i3g==",
        "dependencies": {
          "Microsoft.IdentityModel.Tokens": "8.0.1"
        }
      },
      "Microsoft.IdentityModel.Protocols.OpenIdConnect": {
        "type": "Transitive",
        "resolved": "8.0.1",
        "contentHash": "AQDbfpL+yzuuGhO/mQhKNsp44pm5Jv8/BI4KiFXR7beVGZoSH35zMV3PrmcfvSTsyI6qrcR898NzUauD6SRigg==",
        "dependencies": {
          "Microsoft.IdentityModel.Protocols": "8.0.1",
          "System.IdentityModel.Tokens.Jwt": "8.0.1"
        }
      },
      "Microsoft.IdentityModel.Tokens": {
        "type": "Transitive",
        "resolved": "8.14.0",
        "contentHash": "lKIZiBiGd36k02TCdMHp1KlNWisyIvQxcYJvIkz7P4gSQ9zi8dgh6S5Grj8NNG7HWYIPfQymGyoZ6JB5d1Lo1g==",
        "dependencies": {
          "Microsoft.IdentityModel.Logging": "8.14.0"
        }
      },
      "Microsoft.OpenApi": {
        "type": "Transitive",
        "resolved": "2.4.1",
        "contentHash": "u7QhXCISMQuab3flasb1hoaiERmUqyWsW7tmQODyILoQ7mJV5IRGM+2KKZYo0QUfC13evEOcHAb6TPWgqEQtrw=="
      },
      "Microsoft.VisualStudio.SolutionPersistence": {
        "type": "Transitive",
        "resolved": "1.0.52",
        "contentHash": "oNv2JtYXhpdJrX63nibx1JT3uCESOBQ1LAk7Dtz/sr0+laW0KRM6eKp4CZ3MHDR2siIkKsY8MmUkeP5DKkQQ5w=="
      },
      "Mono.TextTemplating": {
        "type": "Transitive",
        "resolved": "3.0.0",
        "contentHash": "YqueG52R/Xej4VVbKuRIodjiAhV0HR/XVbLbNrJhCZnzjnSjgMJ/dCdV0akQQxavX6hp/LC6rqLGLcXeQYU7XA==",
        "dependencies": {
          "System.CodeDom": "6.0.0"
        }
      },
      "Newtonsoft.Json": {
        "type": "Transitive",
        "resolved": "13.0.3",
        "contentHash": "HrC5BXdl00IP9zeV+0Z848QWPAoCr9P3bDEZguI+gkLcBKAOxix/tLEAAHC+UvDNPv4a2d18lOReHMOagPa+zQ=="
      },
      "Npgsql": {
        "type": "Transitive",
        "resolved": "10.0.2",
        "contentHash": "q5RfBI+wywJSFUNDE1L4ZbHEHCFTblo8Uf6A6oe4feOUFYiUQXyAf9GBh5qEZpvJaHiEbpBPkQumjEhXCJxdrg=="
      },
      "Npgsql.EntityFrameworkCore.PostgreSQL": {
        "type": "Transitive",
        "resolved": "10.0.1",
        "contentHash": "P6EwH0Q4xkaA264iNZDqCPhWt8pscfUGxXazDQg4noBfqjoOlk4hKWfvBjF9ZX3R/9JybRmmJfmxr2iBMj0EpA==",
        "dependencies": {
          "Microsoft.EntityFrameworkCore": "[10.0.4, 11.0.0)",
          "Microsoft.EntityFrameworkCore.Relational": "[10.0.4, 11.0.0)",
          "Npgsql": "10.0.2"
        }
      },
      "Swashbuckle.AspNetCore.Swagger": {
        "type": "Transitive",
        "resolved": "10.1.3",
        "contentHash": "rKvcTzaqQ60jLaBpPLjUmdE9WCnraOMBJ8p6AtBh9eCqnzwmXREWTyJjXMK6W693aGqHr5DiGTG/J+WT0c/PNg==",
        "dependencies": {
          "Microsoft.OpenApi": "2.4.1"
        }
      },
      "Swashbuckle.AspNetCore.SwaggerGen": {
        "type": "Transitive",
        "resolved": "10.1.3",
        "contentHash": "oacu0ikOWzYUwxu0+4507nE/EswJYmgPI1CQNFAO5U9xZMQYjX0wKx9k7udbLIAKN3P6epvnkdgd1Q72xiIZDw==",
        "dependencies": {
          "Swashbuckle.AspNetCore.Swagger": "10.1.3"
        }
      },
      "Swashbuckle.AspNetCore.SwaggerUI": {
        "type": "Transitive",
        "resolved": "10.1.3",
        "contentHash": "vraEBz1/68+DTd0utiGvjYt1BqCoSY0RqFk0jJaxvrFwO/alL9VlsYOgNNGnbFH8fJksPfVdNvm1qJ4A+qBSvQ=="
      },
      "System.CodeDom": {
        "type": "Transitive",
        "resolved": "6.0.0",
        "contentHash": "CPc6tWO1LAer3IzfZufDBRL+UZQcj5uS207NHALQzP84Vp/z6wF0Aa0YZImOQY8iStY0A2zI/e3ihKNPfUm8XA=="
      },
      "System.Composition": {
        "type": "Transitive",
        "resolved": "9.0.0",
        "contentHash": "3Djj70fFTraOarSKmRnmRy/zm4YurICm+kiCtI0dYRqGJnLX6nJ+G3WYuFJ173cAPax/gh96REcbNiVqcrypFQ==",
        "dependencies": {
          "System.Composition.AttributedModel": "9.0.0",
          "System.Composition.Convention": "9.0.0",
          "System.Composition.Hosting": "9.0.0",
          "System.Composition.Runtime": "9.0.0",
          "System.Composition.TypedParts": "9.0.0"
        }
      },
      "System.Composition.AttributedModel": {
        "type": "Transitive",
        "resolved": "9.0.0",
        "contentHash": "iri00l/zIX9g4lHMY+Nz0qV1n40+jFYAmgsaiNn16xvt2RDwlqByNG4wgblagnDYxm3YSQQ0jLlC/7Xlk9CzyA=="
      },
      "System.Composition.Convention": {
        "type": "Transitive",
        "resolved": "9.0.0",
        "contentHash": "+vuqVP6xpi582XIjJi6OCsIxuoTZfR0M7WWufk3uGDeCl3wGW6KnpylUJ3iiXdPByPE0vR5TjJgR6hDLez4FQg==",
        "dependencies": {
          "System.Composition.AttributedModel": "9.0.0"
        }
      },
      "System.Composition.Hosting": {
        "type": "Transitive",
        "resolved": "9.0.0",
        "contentHash": "OFqSeFeJYr7kHxDfaViGM1ymk7d4JxK//VSoNF9Ux0gpqkLsauDZpu89kTHHNdCWfSljbFcvAafGyBoY094btQ==",
        "dependencies": {
          "System.Composition.Runtime": "9.0.0"
        }
      },
      "System.Composition.Runtime": {
        "type": "Transitive",
        "resolved": "9.0.0",
        "contentHash": "w1HOlQY1zsOWYussjFGZCEYF2UZXgvoYnS94NIu2CBnAGMbXFAX8PY8c92KwUItPmowal68jnVLBCzdrWLeEKA=="
      },
      "System.Composition.TypedParts": {
        "type": "Transitive",
        "resolved": "9.0.0",
        "contentHash": "aRZlojCCGEHDKqh43jaDgaVpYETsgd7Nx4g1zwLKMtv4iTo0627715ajEFNpEEBTgLmvZuv8K0EVxc3sM4NWJA==",
        "dependencies": {
          "System.Composition.AttributedModel": "9.0.0",
          "System.Composition.Hosting": "9.0.0",
          "System.Composition.Runtime": "9.0.0"
        }
      },
      "System.IdentityModel.Tokens.Jwt": {
        "type": "Transitive",
        "resolved": "8.0.1",
        "contentHash": "GJw3bYkWpOgvN3tJo5X4lYUeIFA2HD293FPUhKmp7qxS+g5ywAb34Dnd3cDAFLkcMohy5XTpoaZ4uAHuw0uSPQ==",
        "dependencies": {
          "Microsoft.IdentityModel.JsonWebTokens": "8.0.1",
          "Microsoft.IdentityModel.Tokens": "8.0.1"
        }
      },
      "System.IO.Abstractions": {
        "type": "Transitive",
        "resolved": "22.1.0",
        "contentHash": "+QDwmFWQQ84FIRFkOGLwdhJWgOP2Qm+d73edWavzVvYrQ029jjB7CdT24L/F9QvGThN7uYZW6vLLSpvaUBC2Cw==",
        "dependencies": {
          "TestableIO.System.IO.Abstractions": "22.1.0",
          "TestableIO.System.IO.Abstractions.Wrappers": "22.1.0"
        }
      },
      "TestableIO.System.IO.Abstractions": {
        "type": "Transitive",
        "resolved": "22.1.0",
        "contentHash": "YQ/IuNE8gP/+yNwQjdqd6DKhB9ADGjosxuY2IMXcQ3729iXa9QRsPlmIBpk73L0s9E2b+MTYhAR/2Spk8REjvA==",
        "dependencies": {
          "Testably.Abstractions.FileSystem.Interface": "10.0.0"
        }
      },
      "TestableIO.System.IO.Abstractions.Wrappers": {
        "type": "Transitive",
        "resolved": "22.1.0",
        "contentHash": "IsW3jQqIiTN4GwdWFx+dzgRL5XR75UDTFVGuuIackPf2d7eH0KKyrx4wuIoASa1XnS9zhgLP39FKwJq6nbbx1w==",
        "dependencies": {
          "Testably.Abstractions.FileSystem.Interface": "10.0.0"
        }
      },
      "Testably.Abstractions.FileSystem.Interface": {
        "type": "Transitive",
        "resolved": "10.0.0",
        "contentHash": "tZOXFLGjkh8TxgMgKeEcM2HAlz9DwndGl6TFLo6ISHcszFX3FkuPMrtVbmqVjhooWNXrgJ/a9cH9ym5MZL1LAg=="
      },
      "phoenix.application": {
        "type": "Project",
        "dependencies": {
          "MediatR": "[14.0.0, )",
          "Microsoft.EntityFrameworkCore": "[10.0.4, )",
          "PhoeNix.Common": "[1.0.0, )",
          "PhoeNix.Contracts": "[1.0.0, )",
          "PhoeNix.Domain": "[1.0.0, )"
        }
      },
      "phoenix.common": {
        "type": "Project"
      },
      "phoenix.contracts": {
        "type": "Project",
        "dependencies": {
          "PhoeNix.Common": "[1.0.0, )",
          "PhoeNix.Domain": "[1.0.0, )"
        }
      },
      "phoenix.domain": {
        "type": "Project",
        "dependencies": {
          "FluentValidation": "[12.1.0, )",
          "Humanizer": "[3.0.1, )",
          "MediatR.Contracts": "[2.0.1, )",
          "PhoeNix.Common": "[1.0.0, )"
        }
      },
      "phoenix.infrastructure": {
        "type": "Project",
        "dependencies": {
          "PhoeNix.Application": "[1.0.0, )",
          "PhoeNix.Domain": "[1.0.0, )",
          "System.IO.Abstractions": "[22.1.0, )"
        }
      },
      "phoenix.persistence": {
        "type": "Project",
        "dependencies": {
          "Microsoft.CodeAnalysis.CSharp.Workspaces": "[5.0.0, )",
          "Microsoft.CodeAnalysis.Common": "[5.0.0, )",
          "Microsoft.EntityFrameworkCore": "[10.0.4, )",
          "Microsoft.EntityFrameworkCore.InMemory": "[10.0.4, )",
          "Npgsql.EntityFrameworkCore.PostgreSQL": "[10.0.1, )",
          "PhoeNix.Application": "[1.0.0, )",
          "PhoeNix.Domain": "[1.0.0, )"
        }
      },
      "phoenix.presentation": {
        "type": "Project",
        "dependencies": {
          "Carter": "[10.0.0, )",
          "MediatR": "[14.0.0, )",
          "Microsoft.CodeAnalysis.Common": "[5.0.0, )",
          "PhoeNix.Application": "[1.0.0, )",
          "PhoeNix.Contracts": "[1.0.0, )",
          "PhoeNix.Domain": "[1.0.0, )",
          "PhoeNix.Persistence": "[1.0.0, )"
        }
      }
    }
  }
}