{
  "version": 1,
  "dependencies": {
    "net8.0": {
      "Microsoft.AspNetCore.OpenApi": {
        "type": "Direct",
        "requested": "[8.0.14, )",
        "resolved": "8.0.14",
        "contentHash": "Sar0lozRpDmlAfzRNHtr8hC/6ImdcZMYA1JLoEaW0bmRvQdPpsN0orHYGsY+/LYS3q603ZomxsYpXj1Ow+sBTA==",
        "dependencies": {
          "Microsoft.OpenApi": "1.4.3"
        }
      },
      "Swashbuckle.AspNetCore": {
        "type": "Direct",
        "requested": "[8.0.0, )",
        "resolved": "8.0.0",
        "contentHash": "K9FzGTxmwfD+7sVf/FTq/TZFHBTXcROgdcg7gLFwKwgvXwaqTtjGVdam27j0kYfgZZyWlOKr+abmtyd2nAd5eA==",
        "dependencies": {
          "Microsoft.Extensions.ApiDescription.Server": "6.0.5",
          "Swashbuckle.AspNetCore.Swagger": "8.0.0",
          "Swashbuckle.AspNetCore.SwaggerGen": "8.0.0",
          "Swashbuckle.AspNetCore.SwaggerUI": "8.0.0"
        }
      },
      "Microsoft.Extensions.ApiDescription.Server": {
        "type": "Transitive",
        "resolved": "6.0.5",
        "contentHash": "Ckb5EDBUNJdFWyajfXzUIMRkhf52fHZOQuuZg/oiu8y7zDCVwD0iHhew6MnThjHmevanpxL3f5ci2TtHQEN6bw=="
      },
      "Microsoft.OpenApi": {
        "type": "Transitive",
        "resolved": "1.6.23",
        "contentHash": "tZ1I0KXnn98CWuV8cpI247A17jaY+ILS9vvF7yhI0uPPEqF4P1d7BWL5Uwtel10w9NucllHB3nTkfYTAcHAh8g=="
      },
      "Swashbuckle.AspNetCore.Swagger": {
        "type": "Transitive",
        "resolved": "8.0.0",
        "contentHash": "+8Y4pVTWbnzotIk6d6rcwsHGpCchPDqqrvYkyGlI3go+pFaKM+4eX30iCyI0hvr0RMtObJCFhK6aDtlQFbEF1g==",
        "dependencies": {
          "Microsoft.OpenApi": "1.6.23"
        }
      },
      "Swashbuckle.AspNetCore.SwaggerGen": {
        "type": "Transitive",
        "resolved": "8.0.0",
        "contentHash": "skCeIQ93yMcUm1PQby5qitFM6KLIlLMj4/i8JHy86x2OFzxTNaaas2kUg6rNV3JvucFvYCNyImg7NMtZHErSzQ==",
        "dependencies": {
          "Swashbuckle.AspNetCore.Swagger": "8.0.0"
        }
      },
      "Swashbuckle.AspNetCore.SwaggerUI": {
        "type": "Transitive",
        "resolved": "8.0.0",
        "contentHash": "IMqmgclFiZL2QIfopOmWYofZzckrl+SdMt1h4mKC0jc94F+uzt3IHA3YFC0CGlwBqTTSnxHqNUKomNTeAhZbYA=="
      }
    }
  }
}