{
  "version": 1,
  "dependencies": {
    "net8.0": {
      "Carter": {
        "type": "Direct",
        "requested": "[8.2.1, )",
        "resolved": "8.2.1",
        "contentHash": "mNwRjxPyuBxF+U/ccHxWky/wqWn2RJz4hgQE2bAqx0kXCEMS2s7U4ciXCK9E1vDeNNvhEXUDLODN655H3RNrjg==",
        "dependencies": {
          "Carter.Analyzers": "8.2.1",
          "FluentValidation": "11.8.0",
          "Microsoft.Extensions.DependencyModel": "8.0.0"
        }
      },
      "Microsoft.AspNetCore.OpenApi": {
        "type": "Direct",
        "requested": "[8.0.11, )",
        "resolved": "8.0.11",
        "contentHash": "1WCvCZpqvOAyul6upSJ8Rkb/QHdr4PLrDny26vFexya/nTkG3x2zt8j9qlJ5T3J+/yJD9KwlGKhho9ZDD/YiFA==",
        "dependencies": {
          "Microsoft.OpenApi": "1.4.3"
        }
      },
      "Swashbuckle.AspNetCore": {
        "type": "Direct",
        "requested": "[6.4.0, )",
        "resolved": "6.4.0",
        "contentHash": "eUBr4TW0up6oKDA5Xwkul289uqSMgY0xGN4pnbOIBqCcN9VKGGaPvHX3vWaG/hvocfGDP+MGzMA0bBBKz2fkmQ==",
        "dependencies": {
          "Microsoft.Extensions.ApiDescription.Server": "6.0.5",
          "Swashbuckle.AspNetCore.Swagger": "6.4.0",
          "Swashbuckle.AspNetCore.SwaggerGen": "6.4.0",
          "Swashbuckle.AspNetCore.SwaggerUI": "6.4.0"
        }
      },
      "Carter.Analyzers": {
        "type": "Transitive",
        "resolved": "8.2.1",
        "contentHash": "l+AWiGhHdCoIkBh76xmw5900u1tco6l4Ex6hPzLjUCz6yg7+etxtE1KKtJQRGZ9K1lHDcDlgRukh87OI8eZ44Q==",
        "dependencies": {
          "Microsoft.CodeAnalysis.CSharp": "4.7.0"
        }
      },
      "EFCore.NamingConventions": {
        "type": "Transitive",
        "resolved": "8.0.3",
        "contentHash": "TdDarM6kyIS2oVIhrs3W+r+xL/76ooFJxIXxfhzsNJQu0pB9VdFZwuyKvKJnhoc7OHYFNTBP08AN37kr4CPc+Q==",
        "dependencies": {
          "Microsoft.EntityFrameworkCore": "[8.0.0, 9.0.0)",
          "Microsoft.EntityFrameworkCore.Relational": "[8.0.0, 9.0.0)",
          "Microsoft.Extensions.DependencyInjection.Abstractions": "8.0.0"
        }
      },
      "EntityFramework": {
        "type": "Transitive",
        "resolved": "6.5.1",
        "contentHash": "sQRP2lWg1i3aAGWqdliAM8zrGx7LHMUk+9/MoxUjwfTZYGMXvZ2JYZTlyTm1PqDxvn3c9E3U76TWDON7Y5+CVA==",
        "dependencies": {
          "Microsoft.CSharp": "4.7.0",
          "System.CodeDom": "6.0.0",
          "System.ComponentModel.Annotations": "5.0.0",
          "System.Configuration.ConfigurationManager": "6.0.1",
          "System.Data.SqlClient": "4.8.6"
        }
      },
      "FluentValidation": {
        "type": "Transitive",
        "resolved": "11.8.0",
        "contentHash": "TiEaaYqSIAS+wXQv46LRm8Mca092XYNePD0n231Hqlkmm5FuToZoWnjI1ef/vJUxBzqR7/k2vaVQXxijNgVKRQ=="
      },
      "Gridify": {
        "type": "Transitive",
        "resolved": "2.16.0",
        "contentHash": "KcSAq1ugx0wImBkeladghnqnp3IYAEETVogTKqxwdwiBAGl/UklIyhxUf3E6D9vwzxEU7/mdyNgM2hZiHRuBhQ==",
        "dependencies": {
          "Microsoft.Extensions.DependencyInjection.Abstractions": "[8.0.0, 9.0.0)"
        }
      },
      "MediatR": {
        "type": "Transitive",
        "resolved": "12.4.1",
        "contentHash": "0tLxCgEC5+r1OCuumR3sWyiVa+BMv3AgiU4+pz8xqTc+2q1WbUEXFOr7Orm96oZ9r9FsldgUtWvB2o7b9jDOaw==",
        "dependencies": {
          "MediatR.Contracts": "[2.0.1, 3.0.0)",
          "Microsoft.Extensions.DependencyInjection.Abstractions": "8.0.0"
        }
      },
      "MediatR.Contracts": {
        "type": "Transitive",
        "resolved": "2.0.1",
        "contentHash": "FYv95bNT4UwcNA+G/J1oX5OpRiSUxteXaUt2BJbRSdRNiIUNbggJF69wy6mnk2wYToaanpdXZdCwVylt96MpwQ=="
      },
      "Microsoft.CodeAnalysis.Analyzers": {
        "type": "Transitive",
        "resolved": "3.3.4",
        "contentHash": "AxkxcPR+rheX0SmvpLVIGLhOUXAKG56a64kV9VQZ4y9gR9ZmPXnqZvHJnmwLSwzrEP6junUF11vuc+aqo5r68g=="
      },
      "Microsoft.CodeAnalysis.Common": {
        "type": "Transitive",
        "resolved": "4.7.0",
        "contentHash": "pD5S14xMUebSGYe75kt0q/aaS/ftvktSo/pEv7aX7hNPHfdZS+SZeXvkvcffGxWkunYOyRF9m1oN7zzSdYj9dQ==",
        "dependencies": {
          "Microsoft.CodeAnalysis.Analyzers": "3.3.4",
          "System.Collections.Immutable": "7.0.0",
          "System.Reflection.Metadata": "7.0.0",
          "System.Runtime.CompilerServices.Unsafe": "6.0.0"
        }
      },
      "Microsoft.CodeAnalysis.CSharp": {
        "type": "Transitive",
        "resolved": "4.7.0",
        "contentHash": "JHCP2L6lB0oJ3tQoHkC67SFZxW+KbJVOnAo+6L01K5r/NlBlSUhTk5nUAldWhTVwGdzqNeHqGtnEqpsCmGSwQA==",
        "dependencies": {
          "Microsoft.CodeAnalysis.Common": "[4.7.0]"
        }
      },
      "Microsoft.CSharp": {
        "type": "Transitive",
        "resolved": "4.7.0",
        "contentHash": "pTj+D3uJWyN3My70i2Hqo+OXixq3Os2D1nJ2x92FFo6sk8fYS1m1WLNTs0Dc1uPaViH0YvEEwvzddQ7y4rhXmA=="
      },
      "Microsoft.EntityFrameworkCore": {
        "type": "Transitive",
        "resolved": "8.0.11",
        "contentHash": "stbjWBTtpQ1HtqXMFyKnXFTr76PvaOHI2b2h85JqBi3eZr00nspvR/a90Zwh8CQ4rVawqLiTG0+0yZQWaav+sQ==",
        "dependencies": {
          "Microsoft.EntityFrameworkCore.Abstractions": "8.0.11",
          "Microsoft.EntityFrameworkCore.Analyzers": "8.0.11",
          "Microsoft.Extensions.Caching.Memory": "8.0.1",
          "Microsoft.Extensions.Logging": "8.0.1"
        }
      },
      "Microsoft.EntityFrameworkCore.Abstractions": {
        "type": "Transitive",
        "resolved": "8.0.11",
        "contentHash": "++zY0Ea724ku1jptWJmF7jm3I4IXTexfT4qi1ETcSFFF7qj+qm6rRgN7mTuKkwIETuXk0ikfzudryRjUGrrNKQ=="
      },
      "Microsoft.EntityFrameworkCore.Analyzers": {
        "type": "Transitive",
        "resolved": "8.0.11",
        "contentHash": "NI/AJQjtC7qgWM8Nr85sRkwlog2AnFer5RKP8xTUH0RuPF3nN0tGXBEeYJOLZWp+/+M/C6O7MMDRhKRE8bZwIA=="
      },
      "Microsoft.EntityFrameworkCore.Relational": {
        "type": "Transitive",
        "resolved": "8.0.0",
        "contentHash": "fFKkr24cYc7Zw5T6DC4tEyOEPgPbq23BBmym1r9kn4ET9F3HKaetpOeQtV2RryYyUxEeNkJuxgfiZHTisqZc+A==",
        "dependencies": {
          "Microsoft.EntityFrameworkCore": "8.0.0",
          "Microsoft.Extensions.Configuration.Abstractions": "8.0.0"
        }
      },
      "Microsoft.Extensions.ApiDescription.Server": {
        "type": "Transitive",
        "resolved": "6.0.5",
        "contentHash": "Ckb5EDBUNJdFWyajfXzUIMRkhf52fHZOQuuZg/oiu8y7zDCVwD0iHhew6MnThjHmevanpxL3f5ci2TtHQEN6bw=="
      },
      "Microsoft.Extensions.Caching.Abstractions": {
        "type": "Transitive",
        "resolved": "8.0.0",
        "contentHash": "3KuSxeHoNYdxVYfg2IRZCThcrlJ1XJqIXkAWikCsbm5C/bCjv7G0WoKDyuR98Q+T607QT2Zl5GsbGRkENcV2yQ==",
        "dependencies": {
          "Microsoft.Extensions.Primitives": "8.0.0"
        }
      },
      "Microsoft.Extensions.Caching.Memory": {
        "type": "Transitive",
        "resolved": "8.0.1",
        "contentHash": "HFDnhYLccngrzyGgHkjEDU5FMLn4MpOsr5ElgsBMC4yx6lJh4jeWO7fHS8+TXPq+dgxCmUa/Trl8svObmwW4QA==",
        "dependencies": {
          "Microsoft.Extensions.Caching.Abstractions": "8.0.0",
          "Microsoft.Extensions.DependencyInjection.Abstractions": "8.0.2",
          "Microsoft.Extensions.Logging.Abstractions": "8.0.2",
          "Microsoft.Extensions.Options": "8.0.2",
          "Microsoft.Extensions.Primitives": "8.0.0"
        }
      },
      "Microsoft.Extensions.Configuration": {
        "type": "Transitive",
        "resolved": "8.0.0",
        "contentHash": "0J/9YNXTMWSZP2p2+nvl8p71zpSwokZXZuJW+VjdErkegAnFdO1XlqtA62SJtgVYHdKu3uPxJHcMR/r35HwFBA==",
        "dependencies": {
          "Microsoft.Extensions.Configuration.Abstractions": "8.0.0",
          "Microsoft.Extensions.Primitives": "8.0.0"
        }
      },
      "Microsoft.Extensions.Configuration.Abstractions": {
        "type": "Transitive",
        "resolved": "8.0.0",
        "contentHash": "3lE/iLSutpgX1CC0NOW70FJoGARRHbyKmG7dc0klnUZ9Dd9hS6N/POPWhKhMLCEuNN5nXEY5agmlFtH562vqhQ==",
        "dependencies": {
          "Microsoft.Extensions.Primitives": "8.0.0"
        }
      },
      "Microsoft.Extensions.Configuration.Binder": {
        "type": "Transitive",
        "resolved": "8.0.2",
        "contentHash": "7IQhGK+wjyGrNsPBjJcZwWAr+Wf6D4+TwOptUt77bWtgNkiV8tDEbhFS+dDamtQFZ2X7kWG9m71iZQRj2x3zgQ==",
        "dependencies": {
          "Microsoft.Extensions.Configuration.Abstractions": "8.0.0"
        }
      },
      "Microsoft.Extensions.DependencyInjection": {
        "type": "Transitive",
        "resolved": "8.0.1",
        "contentHash": "BmANAnR5Xd4Oqw7yQ75xOAYODybZQRzdeNucg7kS5wWKd2PNnMdYtJ2Vciy0QLylRmv42DGl5+AFL9izA6F1Rw==",
        "dependencies": {
          "Microsoft.Extensions.DependencyInjection.Abstractions": "8.0.2"
        }
      },
      "Microsoft.Extensions.DependencyInjection.Abstractions": {
        "type": "Transitive",
        "resolved": "8.0.2",
        "contentHash": "3iE7UF7MQkCv1cxzCahz+Y/guQbTqieyxyaWKhrRO91itI9cOKO76OHeQDahqG4MmW5umr3CcCvGmK92lWNlbg=="
      },
      "Microsoft.Extensions.DependencyModel": {
        "type": "Transitive",
        "resolved": "8.0.0",
        "contentHash": "NSmDw3K0ozNDgShSIpsZcbFIzBX4w28nDag+TfaQujkXGazBm+lid5onlWoCBy4VsLxqnnKjEBbGSJVWJMf43g==",
        "dependencies": {
          "System.Text.Encodings.Web": "8.0.0",
          "System.Text.Json": "8.0.0"
        }
      },
      "Microsoft.Extensions.Diagnostics.Abstractions": {
        "type": "Transitive",
        "resolved": "8.0.0",
        "contentHash": "JHYCQG7HmugNYUhOl368g+NMxYE/N/AiclCYRNlgCY9eVyiBkOHMwK4x60RYMxv9EL3+rmj1mqHvdCiPpC+D4Q==",
        "dependencies": {
          "Microsoft.Extensions.DependencyInjection.Abstractions": "8.0.0",
          "Microsoft.Extensions.Options": "8.0.0",
          "System.Diagnostics.DiagnosticSource": "8.0.0"
        }
      },
      "Microsoft.Extensions.FileProviders.Abstractions": {
        "type": "Transitive",
        "resolved": "8.0.0",
        "contentHash": "ZbaMlhJlpisjuWbvXr4LdAst/1XxH3vZ6A0BsgTphZ2L4PGuxRLz7Jr/S7mkAAnOn78Vu0fKhEgNF5JO3zfjqQ==",
        "dependencies": {
          "Microsoft.Extensions.Primitives": "8.0.0"
        }
      },
      "Microsoft.Extensions.Hosting.Abstractions": {
        "type": "Transitive",
        "resolved": "8.0.0",
        "contentHash": "AG7HWwVRdCHlaA++1oKDxLsXIBxmDpMPb3VoyOoAghEWnkUvEAdYQUwnV4jJbAaa/nMYNiEh5ByoLauZBEiovg==",
        "dependencies": {
          "Microsoft.Extensions.Configuration.Abstractions": "8.0.0",
          "Microsoft.Extensions.DependencyInjection.Abstractions": "8.0.0",
          "Microsoft.Extensions.Diagnostics.Abstractions": "8.0.0",
          "Microsoft.Extensions.FileProviders.Abstractions": "8.0.0",
          "Microsoft.Extensions.Logging.Abstractions": "8.0.0"
        }
      },
      "Microsoft.Extensions.Logging": {
        "type": "Transitive",
        "resolved": "8.0.1",
        "contentHash": "4x+pzsQEbqxhNf1QYRr5TDkLP9UsLT3A6MdRKDDEgrW7h1ljiEPgTNhKYUhNCCAaVpQECVQ+onA91PTPnIp6Lw==",
        "dependencies": {
          "Microsoft.Extensions.DependencyInjection": "8.0.1",
          "Microsoft.Extensions.Logging.Abstractions": "8.0.2",
          "Microsoft.Extensions.Options": "8.0.2"
        }
      },
      "Microsoft.Extensions.Logging.Abstractions": {
        "type": "Transitive",
        "resolved": "8.0.2",
        "contentHash": "nroMDjS7hNBPtkZqVBbSiQaQjWRDxITI8Y7XnDs97rqG3EbzVTNLZQf7bIeUJcaHOV8bca47s1Uxq94+2oGdxA==",
        "dependencies": {
          "Microsoft.Extensions.DependencyInjection.Abstractions": "8.0.2"
        }
      },
      "Microsoft.Extensions.Options": {
        "type": "Transitive",
        "resolved": "8.0.2",
        "contentHash": "dWGKvhFybsaZpGmzkGCbNNwBD1rVlWzrZKANLW/CcbFJpCEceMCGzT7zZwHOGBCbwM0SzBuceMj5HN1LKV1QqA==",
        "dependencies": {
          "Microsoft.Extensions.DependencyInjection.Abstractions": "8.0.0",
          "Microsoft.Extensions.Primitives": "8.0.0"
        }
      },
      "Microsoft.Extensions.Primitives": {
        "type": "Transitive",
        "resolved": "8.0.0",
        "contentHash": "bXJEZrW9ny8vjMF1JV253WeLhpEVzFo1lyaZu1vQ4ZxWUlVvknZ/+ftFgVheLubb4eZPSwwxBeqS1JkCOjxd8g=="
      },
      "Microsoft.OpenApi": {
        "type": "Transitive",
        "resolved": "1.4.3",
        "contentHash": "rURwggB+QZYcSVbDr7HSdhw/FELvMlriW10OeOzjPT7pstefMo7IThhtNtDudxbXhW+lj0NfX72Ka5EDsG8x6w=="
      },
      "Microsoft.Win32.Registry": {
        "type": "Transitive",
        "resolved": "4.7.0",
        "contentHash": "KSrRMb5vNi0CWSGG1++id2ZOs/1QhRqROt+qgbEAdQuGjGrFcl4AOl4/exGPUYz2wUnU42nvJqon1T3U0kPXLA==",
        "dependencies": {
          "System.Security.AccessControl": "4.7.0",
          "System.Security.Principal.Windows": "4.7.0"
        }
      },
      "Microsoft.Win32.SystemEvents": {
        "type": "Transitive",
        "resolved": "6.0.0",
        "contentHash": "hqTM5628jSsQiv+HGpiq3WKBl2c8v1KZfby2J6Pr7pEPlK9waPdgEO6b8A/+/xn/yZ9ulv8HuqK71ONy2tg67A=="
      },
      "Npgsql": {
        "type": "Transitive",
        "resolved": "8.0.0",
        "contentHash": "Qiz74U+O7Mv4knrsXgKVYGJjgwoziK+aMFZqz7PtKR3vyGIhZA0tnW6HoUnL3X+YqtmVuhmoKkN8LDWEHMxPbw==",
        "dependencies": {
          "Microsoft.Extensions.Logging.Abstractions": "8.0.0"
        }
      },
      "Npgsql.EntityFrameworkCore.PostgreSQL": {
        "type": "Transitive",
        "resolved": "8.0.0",
        "contentHash": "GDXiMS9peEdjSCU/rfgyHruio7q6tYuywGaktqEi6UPQ6ILechp3fVVX+dHXkIXt4nklCBzYVWkzFrSL9ubKUA==",
        "dependencies": {
          "Microsoft.EntityFrameworkCore": "8.0.0",
          "Microsoft.EntityFrameworkCore.Abstractions": "8.0.0",
          "Microsoft.EntityFrameworkCore.Relational": "8.0.0",
          "Npgsql": "8.0.0"
        }
      },
      "Quartz": {
        "type": "Transitive",
        "resolved": "3.13.1",
        "contentHash": "0S4/gYb/FRQfek65OPAmszbdEmtc4Fq/jSeA5XFnvMIjYL9Zr8g9jWoKneEFzAFJGlESjFULtaUFzValHvqu4A==",
        "dependencies": {
          "Microsoft.Extensions.Logging.Abstractions": "2.1.1"
        }
      },
      "Quartz.Extensions.DependencyInjection": {
        "type": "Transitive",
        "resolved": "3.13.1",
        "contentHash": "I3uXVIYMEo00TrEzzHG3koWNTGdinPGjvgBWse7SqMt3ZW7qlKBXB4a5bJsxkKSMjAs4i2Ykx2cJSi/r6zhiCw==",
        "dependencies": {
          "Microsoft.Extensions.Configuration.Abstractions": "8.0.0",
          "Microsoft.Extensions.Options": "8.0.0",
          "Quartz": "3.13.1"
        }
      },
      "Quartz.Extensions.Hosting": {
        "type": "Transitive",
        "resolved": "3.13.1",
        "contentHash": "pwGofFs0VoIwq8JFXBEeEKFrA/6wJDFekLzQA5oev7+Ow0+lqBlZlzBpPd10hkgVAItL+uZ2SEjP8Ual3QZTww==",
        "dependencies": {
          "Microsoft.Extensions.Hosting.Abstractions": "8.0.0",
          "Quartz.Extensions.DependencyInjection": "3.13.1"
        }
      },
      "runtime.native.System.Data.SqlClient.sni": {
        "type": "Transitive",
        "resolved": "4.7.0",
        "contentHash": "9kyFSIdN3T0qjDQ2R0HRXYIhS3l5psBzQi6qqhdLz+SzFyEy4sVxNOke+yyYv8Cu8rPER12c3RDjLT8wF3WBYQ==",
        "dependencies": {
          "runtime.win-arm64.runtime.native.System.Data.SqlClient.sni": "4.4.0",
          "runtime.win-x64.runtime.native.System.Data.SqlClient.sni": "4.4.0",
          "runtime.win-x86.runtime.native.System.Data.SqlClient.sni": "4.4.0"
        }
      },
      "runtime.win-arm64.runtime.native.System.Data.SqlClient.sni": {
        "type": "Transitive",
        "resolved": "4.4.0",
        "contentHash": "LbrynESTp3bm5O/+jGL8v0Qg5SJlTV08lpIpFesXjF6uGNMWqFnUQbYBJwZTeua6E/Y7FIM1C54Ey1btLWupdg=="
      },
      "runtime.win-x64.runtime.native.System.Data.SqlClient.sni": {
        "type": "Transitive",
        "resolved": "4.4.0",
        "contentHash": "38ugOfkYJqJoX9g6EYRlZB5U2ZJH51UP8ptxZgdpS07FgOEToV+lS11ouNK2PM12Pr6X/PpT5jK82G3DwH/SxQ=="
      },
      "runtime.win-x86.runtime.native.System.Data.SqlClient.sni": {
        "type": "Transitive",
        "resolved": "4.4.0",
        "contentHash": "YhEdSQUsTx+C8m8Bw7ar5/VesXvCFMItyZF7G1AUY+OM0VPZUOeAVpJ4Wl6fydBGUYZxojTDR3I6Bj/+BPkJNA=="
      },
      "Swashbuckle.AspNetCore.Swagger": {
        "type": "Transitive",
        "resolved": "6.4.0",
        "contentHash": "nl4SBgGM+cmthUcpwO/w1lUjevdDHAqRvfUoe4Xp/Uvuzt9mzGUwyFCqa3ODBAcZYBiFoKvrYwz0rabslJvSmQ==",
        "dependencies": {
          "Microsoft.OpenApi": "1.2.3"
        }
      },
      "Swashbuckle.AspNetCore.SwaggerGen": {
        "type": "Transitive",
        "resolved": "6.4.0",
        "contentHash": "lXhcUBVqKrPFAQF7e/ZeDfb5PMgE8n5t6L5B6/BQSpiwxgHzmBcx8Msu42zLYFTvR5PIqE9Q9lZvSQAcwCxJjw==",
        "dependencies": {
          "Swashbuckle.AspNetCore.Swagger": "6.4.0"
        }
      },
      "Swashbuckle.AspNetCore.SwaggerUI": {
        "type": "Transitive",
        "resolved": "6.4.0",
        "contentHash": "1Hh3atb3pi8c+v7n4/3N80Jj8RvLOXgWxzix6w3OZhB7zBGRwsy7FWr4e3hwgPweSBpwfElqj4V4nkjYabH9nQ=="
      },
      "System.CodeDom": {
        "type": "Transitive",
        "resolved": "6.0.0",
        "contentHash": "CPc6tWO1LAer3IzfZufDBRL+UZQcj5uS207NHALQzP84Vp/z6wF0Aa0YZImOQY8iStY0A2zI/e3ihKNPfUm8XA=="
      },
      "System.Collections.Immutable": {
        "type": "Transitive",
        "resolved": "7.0.0",
        "contentHash": "dQPcs0U1IKnBdRDBkrCTi1FoajSTBzLcVTpjO4MBCMC7f4pDOIPzgBoX8JjG7X6uZRJ8EBxsi8+DR1JuwjnzOQ=="
      },
      "System.ComponentModel.Annotations": {
        "type": "Transitive",
        "resolved": "5.0.0",
        "contentHash": "dMkqfy2el8A8/I76n2Hi1oBFEbG1SfxD2l5nhwXV3XjlnOmwxJlQbYpJH4W51odnU9sARCSAgv7S3CyAFMkpYg=="
      },
      "System.Configuration.ConfigurationManager": {
        "type": "Transitive",
        "resolved": "6.0.1",
        "contentHash": "jXw9MlUu/kRfEU0WyTptAVueupqIeE3/rl0EZDMlf8pcvJnitQ8HeVEp69rZdaStXwTV72boi/Bhw8lOeO+U2w==",
        "dependencies": {
          "System.Security.Cryptography.ProtectedData": "6.0.0",
          "System.Security.Permissions": "6.0.0"
        }
      },
      "System.Data.SqlClient": {
        "type": "Transitive",
        "resolved": "4.8.6",
        "contentHash": "2Ij/LCaTQRyAi5lAv7UUTV9R2FobC8xN9mE0fXBZohum/xLl8IZVmE98Rq5ugQHjCgTBRKqpXRb4ORulRdA6Ig==",
        "dependencies": {
          "Microsoft.Win32.Registry": "4.7.0",
          "System.Security.Principal.Windows": "4.7.0",
          "runtime.native.System.Data.SqlClient.sni": "4.7.0"
        }
      },
      "System.Diagnostics.DiagnosticSource": {
        "type": "Transitive",
        "resolved": "8.0.0",
        "contentHash": "c9xLpVz6PL9lp/djOWtk5KPDZq3cSYpmXoJQY524EOtuFl5z9ZtsotpsyrDW40U1DRnQSYvcPKEUV0X//u6gkQ=="
      },
      "System.Drawing.Common": {
        "type": "Transitive",
        "resolved": "6.0.0",
        "contentHash": "NfuoKUiP2nUWwKZN6twGqXioIe1zVD0RIj2t976A+czLHr2nY454RwwXs6JU9Htc6mwqL6Dn/nEL3dpVf2jOhg==",
        "dependencies": {
          "Microsoft.Win32.SystemEvents": "6.0.0"
        }
      },
      "System.Reflection.Metadata": {
        "type": "Transitive",
        "resolved": "7.0.0",
        "contentHash": "MclTG61lsD9sYdpNz9xsKBzjsmsfCtcMZYXz/IUr2zlhaTaABonlr1ESeompTgM+Xk+IwtGYU7/voh3YWB/fWw==",
        "dependencies": {
          "System.Collections.Immutable": "7.0.0"
        }
      },
      "System.Runtime.CompilerServices.Unsafe": {
        "type": "Transitive",
        "resolved": "6.0.0",
        "contentHash": "/iUeP3tq1S0XdNNoMz5C9twLSrM/TH+qElHkXWaPvuNOt+99G75NrV0OS2EqHx5wMN7popYjpc8oTjC1y16DLg=="
      },
      "System.Security.AccessControl": {
        "type": "Transitive",
        "resolved": "6.0.0",
        "contentHash": "AUADIc0LIEQe7MzC+I0cl0rAT8RrTAKFHl53yHjEUzNVIaUlhFY11vc2ebiVJzVBuOzun6F7FBA+8KAbGTTedQ=="
      },
      "System.Security.Cryptography.ProtectedData": {
        "type": "Transitive",
        "resolved": "6.0.0",
        "contentHash": "rp1gMNEZpvx9vP0JW0oHLxlf8oSiQgtno77Y4PLUBjSiDYoD77Y8uXHr1Ea5XG4/pIKhqAdxZ8v8OTUtqo9PeQ=="
      },
      "System.Security.Permissions": {
        "type": "Transitive",
        "resolved": "6.0.0",
        "contentHash": "T/uuc7AklkDoxmcJ7LGkyX1CcSviZuLCa4jg3PekfJ7SU0niF0IVTXwUiNVP9DSpzou2PpxJ+eNY2IfDM90ZCg==",
        "dependencies": {
          "System.Security.AccessControl": "6.0.0",
          "System.Windows.Extensions": "6.0.0"
        }
      },
      "System.Security.Principal.Windows": {
        "type": "Transitive",
        "resolved": "4.7.0",
        "contentHash": "ojD0PX0XhneCsUbAZVKdb7h/70vyYMDYs85lwEI+LngEONe/17A0cFaRFqZU+sOEidcVswYWikYOQ9PPfjlbtQ=="
      },
      "System.Text.Encodings.Web": {
        "type": "Transitive",
        "resolved": "8.0.0",
        "contentHash": "yev/k9GHAEGx2Rg3/tU6MQh4HGBXJs70y7j1LaM1i/ER9po+6nnQ6RRqTJn1E7Xu0fbIFK80Nh5EoODxrbxwBQ=="
      },
      "System.Text.Json": {
        "type": "Transitive",
        "resolved": "8.0.0",
        "contentHash": "OdrZO2WjkiEG6ajEFRABTRCi/wuXQPxeV6g8xvUJqdxMvvuCCEk86zPla8UiIQJz3durtUEbNyY/3lIhS0yZvQ==",
        "dependencies": {
          "System.Text.Encodings.Web": "8.0.0"
        }
      },
      "System.Windows.Extensions": {
        "type": "Transitive",
        "resolved": "6.0.0",
        "contentHash": "IXoJOXIqc39AIe+CIR7koBtRGMiCt/LPM3lI+PELtDIy9XdyeSrwXFdWV9dzJ2Awl0paLWUaknLxFQ5HpHZUog==",
        "dependencies": {
          "System.Drawing.Common": "6.0.0"
        }
      },
      "domain": {
        "type": "Project",
        "dependencies": {
          "MediatR": "[12.4.1, )"
        }
      },
      "phoenix.application": {
        "type": "Project",
        "dependencies": {
          "Domain": "[1.0.0, )",
          "EntityFramework": "[6.5.1, )",
          "Gridify": "[2.16.0, )",
          "MediatR": "[12.4.1, )",
          "Microsoft.Extensions.DependencyInjection": "[8.0.1, )",
          "PhoeNix.Models": "[1.0.0, )"
        }
      },
      "phoenix.infrastructure": {
        "type": "Project",
        "dependencies": {
          "PhoeNix.Persistence": "[1.0.0, )",
          "Quartz": "[3.13.1, )",
          "Quartz.Extensions.DependencyInjection": "[3.13.1, )",
          "Quartz.Extensions.Hosting": "[3.13.1, )"
        }
      },
      "phoenix.models": {
        "type": "Project",
        "dependencies": {
          "Domain": "[1.0.0, )"
        }
      },
      "phoenix.persistence": {
        "type": "Project",
        "dependencies": {
          "EFCore.NamingConventions": "[8.0.3, )",
          "Microsoft.EntityFrameworkCore": "[8.0.11, )",
          "Microsoft.Extensions.Configuration": "[8.0.0, )",
          "Microsoft.Extensions.Configuration.Binder": "[8.0.2, )",
          "Npgsql.EntityFrameworkCore.PostgreSQL": "[8.0.0, )",
          "PhoeNix.Application": "[1.0.0, )"
        }
      },
      "phoenix.presentation": {
        "type": "Project",
        "dependencies": {
          "Carter": "[8.2.1, )",
          "MediatR": "[12.4.1, )",
          "PhoeNix.Application": "[1.0.0, )",
          "PhoeNix.Models": "[1.0.0, )"
        }
      }
    }
  }
}