{
  "version": 1,
  "dependencies": {
    "net10.0": {
      "Microsoft.AspNetCore.App.Internal.Assets": {
        "type": "Direct",
        "requested": "[10.0.2, )",
        "resolved": "10.0.2",
        "contentHash": "fMAqrUm+aspxRAsCJ6Hlgs96XSHwNIr9HBNt7wyBAzQkPlfE7w+0C4NzDoJnso5YZyDI0VcRtEXxG9odt3KiZA=="
      },
      "Microsoft.AspNetCore.Components.WebAssembly.Server": {
        "type": "Direct",
        "requested": "[10.0.3, )",
        "resolved": "10.0.3",
        "contentHash": "LPfE2dIfSV+mY3BuRSHim197M0AufG84u/qaFy1s0A/MXqr6kyU/w928wSiEILVRqsQS9TdAFWlo0lDbl/slxg==",
        "dependencies": {
          "Microsoft.AspNetCore.Components.WebAssembly": "10.0.3"
        }
      },
      "Microsoft.AspNetCore.Components.WebAssembly": {
        "type": "Transitive",
        "resolved": "10.0.3",
        "contentHash": "JZqlz8Swc6MYa+Zq52HcCYmgliy6wulJh9Oesv5eghnPFGLAPvVWTBEuTwdx90PKVj2exOY6XAnKpkwFPXvqwg==",
        "dependencies": {
          "Microsoft.JSInterop.WebAssembly": "10.0.3"
        }
      },
      "Microsoft.DotNet.HotReload.WebAssembly.Browser": {
        "type": "Transitive",
        "resolved": "10.0.103",
        "contentHash": "tIq6T4oyBMjxxxllslJu2fOJqEj8SOW29IfWqHYxubreOVlFWnxPN2PjDMuwoHjkrOnPKyuqoNcVYh5YOZcs0Q=="
      },
      "Microsoft.JSInterop.WebAssembly": {
        "type": "Transitive",
        "resolved": "10.0.3",
        "contentHash": "/8RPiR0Aht+FSreYfoKNijr/m5RVMUPRti1zYt/slR6lz7j6hAjzeVar43MOby4euxXQc/16BZvG4GyVSkGonw=="
      },
      "MudBlazor": {
        "type": "Transitive",
        "resolved": "8.15.0",
        "contentHash": "iOJEnQ6tYGQPfPJaUazyC8H6pcczgaMX7vhUzrJPpB0WqEXNozwMfSzoOe2/JZmVWJcUfYZgKBeBU2Z27XY7Sw=="
      },
      "phoenix.webapp.client": {
        "type": "Project",
        "dependencies": {
          "Microsoft.AspNetCore.Components.WebAssembly": "[10.0.3, )",
          "Microsoft.DotNet.HotReload.WebAssembly.Browser": "[10.0.103, )",
          "MudBlazor": "[8.15.0, )"
        }
      }
    }
  }
}